
Microsoft Visual Studio Solution File, Format Version 12.00
# Visual Studio Version 16
VisualStudioVersion = 16.0.28809.33
MinimumVisualStudioVersion = 10.0.40219.1
Project("{9A19103F-16F7-4668-BE54-9A1E7A4F7556}") = "Microsoft.Quantum.Simulation.Core", "src\Simulation\Core\Microsoft.Quantum.Simulation.Core.csproj", "{E9123D45-C1B0-4462-8810-D26ED6D31944}"
EndProject
Project("{9A19103F-16F7-4668-BE54-9A1E7A4F7556}") = "Microsoft.Quantum.Simulation.QCTraceSimulatorRuntime", "src\Simulation\QCTraceSimulator\Microsoft.Quantum.Simulation.QCTraceSimulatorRuntime.csproj", "{058CB08D-BFA7-41E2-BE6B-0A0A72054F91}"
EndProject
Project("{9A19103F-16F7-4668-BE54-9A1E7A4F7556}") = "Microsoft.Quantum.Simulation.Common", "src\Simulation\Common\Microsoft.Quantum.Simulation.Common.csproj", "{8EC46ADB-7FAA-49EA-BA63-E7B32C4F4445}"
EndProject
Project("{9A19103F-16F7-4668-BE54-9A1E7A4F7556}") = "Microsoft.Quantum.Simulators", "src\Simulation\Simulators\Microsoft.Quantum.Simulators.csproj", "{72B7E75C-D305-45BD-929E-C86298AAA8DE}"
EndProject
Project("{9A19103F-16F7-4668-BE54-9A1E7A4F7556}") = "Tests.Microsoft.Quantum.Simulation.QCTraceSimulatorRuntime", "src\Simulation\QCTraceSimulator.Tests\Tests.Microsoft.Quantum.Simulation.QCTraceSimulatorRuntime.csproj", "{DD50D2D9-2765-449B-8C4B-835A428E160D}"
EndProject
Project("{9A19103F-16F7-4668-BE54-9A1E7A4F7556}") = "Tests.Microsoft.Quantum.Simulation.Simulators", "src\Simulation\Simulators.Tests\Tests.Microsoft.Quantum.Simulation.Simulators.csproj", "{23461B29-F9DE-4F5B-BC30-50BBE1A10B48}"
EndProject
Project("{2150E333-8FDC-42A3-9474-1A3956D46DE8}") = "simulation", "simulation", "{34D419E9-CCF1-4E48-9FA4-3AD4B86BEEB4}"
EndProject
Project("{9A19103F-16F7-4668-BE54-9A1E7A4F7556}") = "Microsoft.Quantum.Intrinsic", "src\Simulation\Intrinsic\Microsoft.Quantum.Intrinsic.csproj", "{A6C5BA7A-DF6F-476F-9106-95905932B810}"
	ProjectSection(ProjectDependencies) = postProject
		{915C2FC8-E9FB-4AC9-B233-F591880D7611} = {915C2FC8-E9FB-4AC9-B233-F591880D7611}
	EndProjectSection
EndProject
Project("{2150E333-8FDC-42A3-9474-1A3956D46DE8}") = "xunit", "xunit", "{34117E2A-DEDC-4274-AAA4-3C61ACF86284}"
EndProject
Project("{2150E333-8FDC-42A3-9474-1A3956D46DE8}") = "core", "core", "{03736C2E-DB2A-46A9-B7B2-C1216BDECB4F}"
EndProject
Project("{9A19103F-16F7-4668-BE54-9A1E7A4F7556}") = "Microsoft.Quantum.Xunit", "src\Xunit\Microsoft.Quantum.Xunit.csproj", "{ECFE1CE8-46A1-4D14-99D6-AAF76B704638}"
EndProject
Project("{2150E333-8FDC-42A3-9474-1A3956D46DE8}") = "generation", "generation", "{A567C185-A429-418B-AFDE-6F1785BA4A77}"
EndProject
Project("{6EC3EE1D-3C4E-46DD-8F32-0CC8E7565705}") = "Tests.CsharpGeneration", "src\Simulation\CsharpGeneration.Tests\Tests.CsharpGeneration.fsproj", "{10D7C395-4F79-4DAF-9289-A4B8FAF6183A}"
EndProject
Project("{6EC3EE1D-3C4E-46DD-8F32-0CC8E7565705}") = "Microsoft.Quantum.RoslynWrapper", "src\Simulation\RoslynWrapper\Microsoft.Quantum.RoslynWrapper.fsproj", "{618FBF9D-4EF3-435D-9728-81C726236668}"
EndProject
Project("{6EC3EE1D-3C4E-46DD-8F32-0CC8E7565705}") = "Tests.RoslynWrapper", "src\Simulation\RoslynWrapper.Tests\Tests.RoslynWrapper.fsproj", "{48206BD6-48DD-4442-A395-3A6594E4C9C6}"
EndProject
Project("{6EC3EE1D-3C4E-46DD-8F32-0CC8E7565705}") = "Microsoft.Quantum.CsharpGeneration", "src\Simulation\CsharpGeneration\Microsoft.Quantum.CsharpGeneration.fsproj", "{B96E97F4-2DC8-45AC-ADF5-861D0D3073FC}"
EndProject
Project("{6EC3EE1D-3C4E-46DD-8F32-0CC8E7565705}") = "Microsoft.Quantum.CsharpGeneration.App", "src\Simulation\CsharpGeneration.App\Microsoft.Quantum.CsharpGeneration.App.fsproj", "{915C2FC8-E9FB-4AC9-B233-F591880D7611}"
EndProject
Project("{6EC3EE1D-3C4E-46DD-8F32-0CC8E7565705}") = "Microsoft.Quantum.CsharpGeneration.App", "src\Simulation\CircuitTransformer\Microsoft.Quantum.CircuitTransformer.fsproj", "{0707121F-CD2F-4BF6-951B-DB94228FDA15}"
EndProject
Global
	GlobalSection(SolutionConfigurationPlatforms) = preSolution
		Debug|Any CPU = Debug|Any CPU
		Debug|x64 = Debug|x64
		MinSizeRel|Any CPU = MinSizeRel|Any CPU
		MinSizeRel|x64 = MinSizeRel|x64
		Release|Any CPU = Release|Any CPU
		Release|x64 = Release|x64
		RelWithDebInfo|Any CPU = RelWithDebInfo|Any CPU
		RelWithDebInfo|x64 = RelWithDebInfo|x64
	EndGlobalSection
	GlobalSection(ProjectConfigurationPlatforms) = postSolution
		{E9123D45-C1B0-4462-8810-D26ED6D31944}.Debug|Any CPU.ActiveCfg = Debug|Any CPU
		{E9123D45-C1B0-4462-8810-D26ED6D31944}.Debug|Any CPU.Build.0 = Debug|Any CPU
		{E9123D45-C1B0-4462-8810-D26ED6D31944}.Debug|x64.ActiveCfg = Debug|Any CPU
		{E9123D45-C1B0-4462-8810-D26ED6D31944}.Debug|x64.Build.0 = Debug|Any CPU
		{E9123D45-C1B0-4462-8810-D26ED6D31944}.MinSizeRel|Any CPU.ActiveCfg = Release|Any CPU
		{E9123D45-C1B0-4462-8810-D26ED6D31944}.MinSizeRel|Any CPU.Build.0 = Release|Any CPU
		{E9123D45-C1B0-4462-8810-D26ED6D31944}.MinSizeRel|x64.ActiveCfg = Release|Any CPU
		{E9123D45-C1B0-4462-8810-D26ED6D31944}.MinSizeRel|x64.Build.0 = Release|Any CPU
		{E9123D45-C1B0-4462-8810-D26ED6D31944}.Release|Any CPU.ActiveCfg = Release|Any CPU
		{E9123D45-C1B0-4462-8810-D26ED6D31944}.Release|Any CPU.Build.0 = Release|Any CPU
		{E9123D45-C1B0-4462-8810-D26ED6D31944}.Release|x64.ActiveCfg = Release|Any CPU
		{E9123D45-C1B0-4462-8810-D26ED6D31944}.Release|x64.Build.0 = Release|Any CPU
		{E9123D45-C1B0-4462-8810-D26ED6D31944}.RelWithDebInfo|Any CPU.ActiveCfg = Release|Any CPU
		{E9123D45-C1B0-4462-8810-D26ED6D31944}.RelWithDebInfo|Any CPU.Build.0 = Release|Any CPU
		{E9123D45-C1B0-4462-8810-D26ED6D31944}.RelWithDebInfo|x64.ActiveCfg = Release|Any CPU
		{E9123D45-C1B0-4462-8810-D26ED6D31944}.RelWithDebInfo|x64.Build.0 = Release|Any CPU
		{058CB08D-BFA7-41E2-BE6B-0A0A72054F91}.Debug|Any CPU.ActiveCfg = Debug|Any CPU
		{058CB08D-BFA7-41E2-BE6B-0A0A72054F91}.Debug|Any CPU.Build.0 = Debug|Any CPU
		{058CB08D-BFA7-41E2-BE6B-0A0A72054F91}.Debug|x64.ActiveCfg = Debug|Any CPU
		{058CB08D-BFA7-41E2-BE6B-0A0A72054F91}.Debug|x64.Build.0 = Debug|Any CPU
		{058CB08D-BFA7-41E2-BE6B-0A0A72054F91}.MinSizeRel|Any CPU.ActiveCfg = Release|Any CPU
		{058CB08D-BFA7-41E2-BE6B-0A0A72054F91}.MinSizeRel|Any CPU.Build.0 = Release|Any CPU
		{058CB08D-BFA7-41E2-BE6B-0A0A72054F91}.MinSizeRel|x64.ActiveCfg = Release|Any CPU
		{058CB08D-BFA7-41E2-BE6B-0A0A72054F91}.MinSizeRel|x64.Build.0 = Release|Any CPU
		{058CB08D-BFA7-41E2-BE6B-0A0A72054F91}.Release|Any CPU.ActiveCfg = Release|Any CPU
		{058CB08D-BFA7-41E2-BE6B-0A0A72054F91}.Release|Any CPU.Build.0 = Release|Any CPU
		{058CB08D-BFA7-41E2-BE6B-0A0A72054F91}.Release|x64.ActiveCfg = Release|Any CPU
		{058CB08D-BFA7-41E2-BE6B-0A0A72054F91}.Release|x64.Build.0 = Release|Any CPU
		{058CB08D-BFA7-41E2-BE6B-0A0A72054F91}.RelWithDebInfo|Any CPU.ActiveCfg = Release|Any CPU
		{058CB08D-BFA7-41E2-BE6B-0A0A72054F91}.RelWithDebInfo|Any CPU.Build.0 = Release|Any CPU
		{058CB08D-BFA7-41E2-BE6B-0A0A72054F91}.RelWithDebInfo|x64.ActiveCfg = Release|Any CPU
		{058CB08D-BFA7-41E2-BE6B-0A0A72054F91}.RelWithDebInfo|x64.Build.0 = Release|Any CPU
		{8EC46ADB-7FAA-49EA-BA63-E7B32C4F4445}.Debug|Any CPU.ActiveCfg = Debug|Any CPU
		{8EC46ADB-7FAA-49EA-BA63-E7B32C4F4445}.Debug|Any CPU.Build.0 = Debug|Any CPU
		{8EC46ADB-7FAA-49EA-BA63-E7B32C4F4445}.Debug|x64.ActiveCfg = Debug|Any CPU
		{8EC46ADB-7FAA-49EA-BA63-E7B32C4F4445}.Debug|x64.Build.0 = Debug|Any CPU
		{8EC46ADB-7FAA-49EA-BA63-E7B32C4F4445}.MinSizeRel|Any CPU.ActiveCfg = Release|Any CPU
		{8EC46ADB-7FAA-49EA-BA63-E7B32C4F4445}.MinSizeRel|Any CPU.Build.0 = Release|Any CPU
		{8EC46ADB-7FAA-49EA-BA63-E7B32C4F4445}.MinSizeRel|x64.ActiveCfg = Release|Any CPU
		{8EC46ADB-7FAA-49EA-BA63-E7B32C4F4445}.MinSizeRel|x64.Build.0 = Release|Any CPU
		{8EC46ADB-7FAA-49EA-BA63-E7B32C4F4445}.Release|Any CPU.ActiveCfg = Release|Any CPU
		{8EC46ADB-7FAA-49EA-BA63-E7B32C4F4445}.Release|Any CPU.Build.0 = Release|Any CPU
		{8EC46ADB-7FAA-49EA-BA63-E7B32C4F4445}.Release|x64.ActiveCfg = Release|Any CPU
		{8EC46ADB-7FAA-49EA-BA63-E7B32C4F4445}.Release|x64.Build.0 = Release|Any CPU
		{8EC46ADB-7FAA-49EA-BA63-E7B32C4F4445}.RelWithDebInfo|Any CPU.ActiveCfg = Release|Any CPU
		{8EC46ADB-7FAA-49EA-BA63-E7B32C4F4445}.RelWithDebInfo|Any CPU.Build.0 = Release|Any CPU
		{8EC46ADB-7FAA-49EA-BA63-E7B32C4F4445}.RelWithDebInfo|x64.ActiveCfg = Release|Any CPU
		{8EC46ADB-7FAA-49EA-BA63-E7B32C4F4445}.RelWithDebInfo|x64.Build.0 = Release|Any CPU
		{72B7E75C-D305-45BD-929E-C86298AAA8DE}.Debug|Any CPU.ActiveCfg = Debug|Any CPU
		{72B7E75C-D305-45BD-929E-C86298AAA8DE}.Debug|Any CPU.Build.0 = Debug|Any CPU
		{72B7E75C-D305-45BD-929E-C86298AAA8DE}.Debug|x64.ActiveCfg = Debug|Any CPU
		{72B7E75C-D305-45BD-929E-C86298AAA8DE}.Debug|x64.Build.0 = Debug|Any CPU
		{72B7E75C-D305-45BD-929E-C86298AAA8DE}.MinSizeRel|Any CPU.ActiveCfg = Release|Any CPU
		{72B7E75C-D305-45BD-929E-C86298AAA8DE}.MinSizeRel|Any CPU.Build.0 = Release|Any CPU
		{72B7E75C-D305-45BD-929E-C86298AAA8DE}.MinSizeRel|x64.ActiveCfg = Release|Any CPU
		{72B7E75C-D305-45BD-929E-C86298AAA8DE}.MinSizeRel|x64.Build.0 = Release|Any CPU
		{72B7E75C-D305-45BD-929E-C86298AAA8DE}.Release|Any CPU.ActiveCfg = Release|Any CPU
		{72B7E75C-D305-45BD-929E-C86298AAA8DE}.Release|Any CPU.Build.0 = Release|Any CPU
		{72B7E75C-D305-45BD-929E-C86298AAA8DE}.Release|x64.ActiveCfg = Release|Any CPU
		{72B7E75C-D305-45BD-929E-C86298AAA8DE}.Release|x64.Build.0 = Release|Any CPU
		{72B7E75C-D305-45BD-929E-C86298AAA8DE}.RelWithDebInfo|Any CPU.ActiveCfg = Release|Any CPU
		{72B7E75C-D305-45BD-929E-C86298AAA8DE}.RelWithDebInfo|Any CPU.Build.0 = Release|Any CPU
		{72B7E75C-D305-45BD-929E-C86298AAA8DE}.RelWithDebInfo|x64.ActiveCfg = Release|Any CPU
		{72B7E75C-D305-45BD-929E-C86298AAA8DE}.RelWithDebInfo|x64.Build.0 = Release|Any CPU
		{DD50D2D9-2765-449B-8C4B-835A428E160D}.Debug|Any CPU.ActiveCfg = Debug|Any CPU
		{DD50D2D9-2765-449B-8C4B-835A428E160D}.Debug|Any CPU.Build.0 = Debug|Any CPU
		{DD50D2D9-2765-449B-8C4B-835A428E160D}.Debug|x64.ActiveCfg = Debug|Any CPU
		{DD50D2D9-2765-449B-8C4B-835A428E160D}.Debug|x64.Build.0 = Debug|Any CPU
		{DD50D2D9-2765-449B-8C4B-835A428E160D}.MinSizeRel|Any CPU.ActiveCfg = Debug|Any CPU
		{DD50D2D9-2765-449B-8C4B-835A428E160D}.MinSizeRel|Any CPU.Build.0 = Debug|Any CPU
		{DD50D2D9-2765-449B-8C4B-835A428E160D}.MinSizeRel|x64.ActiveCfg = Debug|Any CPU
		{DD50D2D9-2765-449B-8C4B-835A428E160D}.MinSizeRel|x64.Build.0 = Debug|Any CPU
		{DD50D2D9-2765-449B-8C4B-835A428E160D}.Release|Any CPU.ActiveCfg = Release|Any CPU
		{DD50D2D9-2765-449B-8C4B-835A428E160D}.Release|Any CPU.Build.0 = Release|Any CPU
		{DD50D2D9-2765-449B-8C4B-835A428E160D}.Release|x64.ActiveCfg = Release|Any CPU
		{DD50D2D9-2765-449B-8C4B-835A428E160D}.Release|x64.Build.0 = Release|Any CPU
		{DD50D2D9-2765-449B-8C4B-835A428E160D}.RelWithDebInfo|Any CPU.ActiveCfg = Release|Any CPU
		{DD50D2D9-2765-449B-8C4B-835A428E160D}.RelWithDebInfo|Any CPU.Build.0 = Release|Any CPU
		{DD50D2D9-2765-449B-8C4B-835A428E160D}.RelWithDebInfo|x64.ActiveCfg = Release|Any CPU
		{DD50D2D9-2765-449B-8C4B-835A428E160D}.RelWithDebInfo|x64.Build.0 = Release|Any CPU
		{23461B29-F9DE-4F5B-BC30-50BBE1A10B48}.Debug|Any CPU.ActiveCfg = Debug|Any CPU
		{23461B29-F9DE-4F5B-BC30-50BBE1A10B48}.Debug|Any CPU.Build.0 = Debug|Any CPU
		{23461B29-F9DE-4F5B-BC30-50BBE1A10B48}.Debug|x64.ActiveCfg = Debug|Any CPU
		{23461B29-F9DE-4F5B-BC30-50BBE1A10B48}.Debug|x64.Build.0 = Debug|Any CPU
		{23461B29-F9DE-4F5B-BC30-50BBE1A10B48}.MinSizeRel|Any CPU.ActiveCfg = Debug|Any CPU
		{23461B29-F9DE-4F5B-BC30-50BBE1A10B48}.MinSizeRel|Any CPU.Build.0 = Debug|Any CPU
		{23461B29-F9DE-4F5B-BC30-50BBE1A10B48}.MinSizeRel|x64.ActiveCfg = Debug|Any CPU
		{23461B29-F9DE-4F5B-BC30-50BBE1A10B48}.MinSizeRel|x64.Build.0 = Debug|Any CPU
		{23461B29-F9DE-4F5B-BC30-50BBE1A10B48}.Release|Any CPU.ActiveCfg = Release|Any CPU
		{23461B29-F9DE-4F5B-BC30-50BBE1A10B48}.Release|Any CPU.Build.0 = Release|Any CPU
		{23461B29-F9DE-4F5B-BC30-50BBE1A10B48}.Release|x64.ActiveCfg = Release|Any CPU
		{23461B29-F9DE-4F5B-BC30-50BBE1A10B48}.Release|x64.Build.0 = Release|Any CPU
		{23461B29-F9DE-4F5B-BC30-50BBE1A10B48}.RelWithDebInfo|Any CPU.ActiveCfg = Release|Any CPU
		{23461B29-F9DE-4F5B-BC30-50BBE1A10B48}.RelWithDebInfo|Any CPU.Build.0 = Release|Any CPU
		{23461B29-F9DE-4F5B-BC30-50BBE1A10B48}.RelWithDebInfo|x64.ActiveCfg = Release|Any CPU
		{23461B29-F9DE-4F5B-BC30-50BBE1A10B48}.RelWithDebInfo|x64.Build.0 = Release|Any CPU
		{A6C5BA7A-DF6F-476F-9106-95905932B810}.Debug|Any CPU.ActiveCfg = Debug|Any CPU
		{A6C5BA7A-DF6F-476F-9106-95905932B810}.Debug|Any CPU.Build.0 = Debug|Any CPU
		{A6C5BA7A-DF6F-476F-9106-95905932B810}.Debug|x64.ActiveCfg = Debug|Any CPU
		{A6C5BA7A-DF6F-476F-9106-95905932B810}.Debug|x64.Build.0 = Debug|Any CPU
		{A6C5BA7A-DF6F-476F-9106-95905932B810}.MinSizeRel|Any CPU.ActiveCfg = Debug|Any CPU
		{A6C5BA7A-DF6F-476F-9106-95905932B810}.MinSizeRel|Any CPU.Build.0 = Debug|Any CPU
		{A6C5BA7A-DF6F-476F-9106-95905932B810}.MinSizeRel|x64.ActiveCfg = Debug|Any CPU
		{A6C5BA7A-DF6F-476F-9106-95905932B810}.MinSizeRel|x64.Build.0 = Debug|Any CPU
		{A6C5BA7A-DF6F-476F-9106-95905932B810}.Release|Any CPU.ActiveCfg = Release|Any CPU
		{A6C5BA7A-DF6F-476F-9106-95905932B810}.Release|Any CPU.Build.0 = Release|Any CPU
		{A6C5BA7A-DF6F-476F-9106-95905932B810}.Release|x64.ActiveCfg = Release|Any CPU
		{A6C5BA7A-DF6F-476F-9106-95905932B810}.Release|x64.Build.0 = Release|Any CPU
		{A6C5BA7A-DF6F-476F-9106-95905932B810}.RelWithDebInfo|Any CPU.ActiveCfg = Release|Any CPU
		{A6C5BA7A-DF6F-476F-9106-95905932B810}.RelWithDebInfo|Any CPU.Build.0 = Release|Any CPU
		{A6C5BA7A-DF6F-476F-9106-95905932B810}.RelWithDebInfo|x64.ActiveCfg = Release|Any CPU
		{A6C5BA7A-DF6F-476F-9106-95905932B810}.RelWithDebInfo|x64.Build.0 = Release|Any CPU
		{ECFE1CE8-46A1-4D14-99D6-AAF76B704638}.Debug|Any CPU.ActiveCfg = Debug|Any CPU
		{ECFE1CE8-46A1-4D14-99D6-AAF76B704638}.Debug|Any CPU.Build.0 = Debug|Any CPU
		{ECFE1CE8-46A1-4D14-99D6-AAF76B704638}.Debug|x64.ActiveCfg = Debug|Any CPU
		{ECFE1CE8-46A1-4D14-99D6-AAF76B704638}.Debug|x64.Build.0 = Debug|Any CPU
		{ECFE1CE8-46A1-4D14-99D6-AAF76B704638}.MinSizeRel|Any CPU.ActiveCfg = Debug|Any CPU
		{ECFE1CE8-46A1-4D14-99D6-AAF76B704638}.MinSizeRel|Any CPU.Build.0 = Debug|Any CPU
		{ECFE1CE8-46A1-4D14-99D6-AAF76B704638}.MinSizeRel|x64.ActiveCfg = Debug|Any CPU
		{ECFE1CE8-46A1-4D14-99D6-AAF76B704638}.MinSizeRel|x64.Build.0 = Debug|Any CPU
		{ECFE1CE8-46A1-4D14-99D6-AAF76B704638}.Release|Any CPU.ActiveCfg = Release|Any CPU
		{ECFE1CE8-46A1-4D14-99D6-AAF76B704638}.Release|Any CPU.Build.0 = Release|Any CPU
		{ECFE1CE8-46A1-4D14-99D6-AAF76B704638}.Release|x64.ActiveCfg = Release|Any CPU
		{ECFE1CE8-46A1-4D14-99D6-AAF76B704638}.Release|x64.Build.0 = Release|Any CPU
		{ECFE1CE8-46A1-4D14-99D6-AAF76B704638}.RelWithDebInfo|Any CPU.ActiveCfg = Release|Any CPU
		{ECFE1CE8-46A1-4D14-99D6-AAF76B704638}.RelWithDebInfo|Any CPU.Build.0 = Release|Any CPU
		{ECFE1CE8-46A1-4D14-99D6-AAF76B704638}.RelWithDebInfo|x64.ActiveCfg = Release|Any CPU
		{ECFE1CE8-46A1-4D14-99D6-AAF76B704638}.RelWithDebInfo|x64.Build.0 = Release|Any CPU
		{10D7C395-4F79-4DAF-9289-A4B8FAF6183A}.Debug|Any CPU.ActiveCfg = Debug|Any CPU
		{10D7C395-4F79-4DAF-9289-A4B8FAF6183A}.Debug|Any CPU.Build.0 = Debug|Any CPU
		{10D7C395-4F79-4DAF-9289-A4B8FAF6183A}.Debug|x64.ActiveCfg = Debug|Any CPU
		{10D7C395-4F79-4DAF-9289-A4B8FAF6183A}.Debug|x64.Build.0 = Debug|Any CPU
		{10D7C395-4F79-4DAF-9289-A4B8FAF6183A}.MinSizeRel|Any CPU.ActiveCfg = Debug|Any CPU
		{10D7C395-4F79-4DAF-9289-A4B8FAF6183A}.MinSizeRel|Any CPU.Build.0 = Debug|Any CPU
		{10D7C395-4F79-4DAF-9289-A4B8FAF6183A}.MinSizeRel|x64.ActiveCfg = Debug|Any CPU
		{10D7C395-4F79-4DAF-9289-A4B8FAF6183A}.MinSizeRel|x64.Build.0 = Debug|Any CPU
		{10D7C395-4F79-4DAF-9289-A4B8FAF6183A}.Release|Any CPU.ActiveCfg = Release|Any CPU
		{10D7C395-4F79-4DAF-9289-A4B8FAF6183A}.Release|Any CPU.Build.0 = Release|Any CPU
		{10D7C395-4F79-4DAF-9289-A4B8FAF6183A}.Release|x64.ActiveCfg = Release|Any CPU
		{10D7C395-4F79-4DAF-9289-A4B8FAF6183A}.Release|x64.Build.0 = Release|Any CPU
		{10D7C395-4F79-4DAF-9289-A4B8FAF6183A}.RelWithDebInfo|Any CPU.ActiveCfg = Release|Any CPU
		{10D7C395-4F79-4DAF-9289-A4B8FAF6183A}.RelWithDebInfo|Any CPU.Build.0 = Release|Any CPU
		{10D7C395-4F79-4DAF-9289-A4B8FAF6183A}.RelWithDebInfo|x64.ActiveCfg = Release|Any CPU
		{10D7C395-4F79-4DAF-9289-A4B8FAF6183A}.RelWithDebInfo|x64.Build.0 = Release|Any CPU
		{618FBF9D-4EF3-435D-9728-81C726236668}.Debug|Any CPU.ActiveCfg = Debug|Any CPU
		{618FBF9D-4EF3-435D-9728-81C726236668}.Debug|Any CPU.Build.0 = Debug|Any CPU
		{618FBF9D-4EF3-435D-9728-81C726236668}.Debug|x64.ActiveCfg = Debug|Any CPU
		{618FBF9D-4EF3-435D-9728-81C726236668}.Debug|x64.Build.0 = Debug|Any CPU
		{618FBF9D-4EF3-435D-9728-81C726236668}.MinSizeRel|Any CPU.ActiveCfg = Debug|Any CPU
		{618FBF9D-4EF3-435D-9728-81C726236668}.MinSizeRel|Any CPU.Build.0 = Debug|Any CPU
		{618FBF9D-4EF3-435D-9728-81C726236668}.MinSizeRel|x64.ActiveCfg = Debug|Any CPU
		{618FBF9D-4EF3-435D-9728-81C726236668}.MinSizeRel|x64.Build.0 = Debug|Any CPU
		{618FBF9D-4EF3-435D-9728-81C726236668}.Release|Any CPU.ActiveCfg = Release|Any CPU
		{618FBF9D-4EF3-435D-9728-81C726236668}.Release|Any CPU.Build.0 = Release|Any CPU
		{618FBF9D-4EF3-435D-9728-81C726236668}.Release|x64.ActiveCfg = Release|Any CPU
		{618FBF9D-4EF3-435D-9728-81C726236668}.Release|x64.Build.0 = Release|Any CPU
		{618FBF9D-4EF3-435D-9728-81C726236668}.RelWithDebInfo|Any CPU.ActiveCfg = Release|Any CPU
		{618FBF9D-4EF3-435D-9728-81C726236668}.RelWithDebInfo|Any CPU.Build.0 = Release|Any CPU
		{618FBF9D-4EF3-435D-9728-81C726236668}.RelWithDebInfo|x64.ActiveCfg = Release|Any CPU
		{618FBF9D-4EF3-435D-9728-81C726236668}.RelWithDebInfo|x64.Build.0 = Release|Any CPU
		{48206BD6-48DD-4442-A395-3A6594E4C9C6}.Debug|Any CPU.ActiveCfg = Debug|Any CPU
		{48206BD6-48DD-4442-A395-3A6594E4C9C6}.Debug|Any CPU.Build.0 = Debug|Any CPU
		{48206BD6-48DD-4442-A395-3A6594E4C9C6}.Debug|x64.ActiveCfg = Debug|Any CPU
		{48206BD6-48DD-4442-A395-3A6594E4C9C6}.Debug|x64.Build.0 = Debug|Any CPU
		{48206BD6-48DD-4442-A395-3A6594E4C9C6}.MinSizeRel|Any CPU.ActiveCfg = Debug|Any CPU
		{48206BD6-48DD-4442-A395-3A6594E4C9C6}.MinSizeRel|Any CPU.Build.0 = Debug|Any CPU
		{48206BD6-48DD-4442-A395-3A6594E4C9C6}.MinSizeRel|x64.ActiveCfg = Debug|Any CPU
		{48206BD6-48DD-4442-A395-3A6594E4C9C6}.MinSizeRel|x64.Build.0 = Debug|Any CPU
		{48206BD6-48DD-4442-A395-3A6594E4C9C6}.Release|Any CPU.ActiveCfg = Release|Any CPU
		{48206BD6-48DD-4442-A395-3A6594E4C9C6}.Release|Any CPU.Build.0 = Release|Any CPU
		{48206BD6-48DD-4442-A395-3A6594E4C9C6}.Release|x64.ActiveCfg = Release|Any CPU
		{48206BD6-48DD-4442-A395-3A6594E4C9C6}.Release|x64.Build.0 = Release|Any CPU
		{48206BD6-48DD-4442-A395-3A6594E4C9C6}.RelWithDebInfo|Any CPU.ActiveCfg = Release|Any CPU
		{48206BD6-48DD-4442-A395-3A6594E4C9C6}.RelWithDebInfo|Any CPU.Build.0 = Release|Any CPU
		{48206BD6-48DD-4442-A395-3A6594E4C9C6}.RelWithDebInfo|x64.ActiveCfg = Release|Any CPU
		{48206BD6-48DD-4442-A395-3A6594E4C9C6}.RelWithDebInfo|x64.Build.0 = Release|Any CPU
		{B96E97F4-2DC8-45AC-ADF5-861D0D3073FC}.Debug|Any CPU.ActiveCfg = Debug|Any CPU
		{B96E97F4-2DC8-45AC-ADF5-861D0D3073FC}.Debug|Any CPU.Build.0 = Debug|Any CPU
		{B96E97F4-2DC8-45AC-ADF5-861D0D3073FC}.Debug|x64.ActiveCfg = Debug|Any CPU
		{B96E97F4-2DC8-45AC-ADF5-861D0D3073FC}.Debug|x64.Build.0 = Debug|Any CPU
		{B96E97F4-2DC8-45AC-ADF5-861D0D3073FC}.MinSizeRel|Any CPU.ActiveCfg = Debug|Any CPU
		{B96E97F4-2DC8-45AC-ADF5-861D0D3073FC}.MinSizeRel|Any CPU.Build.0 = Debug|Any CPU
		{B96E97F4-2DC8-45AC-ADF5-861D0D3073FC}.MinSizeRel|x64.ActiveCfg = Debug|Any CPU
		{B96E97F4-2DC8-45AC-ADF5-861D0D3073FC}.MinSizeRel|x64.Build.0 = Debug|Any CPU
		{B96E97F4-2DC8-45AC-ADF5-861D0D3073FC}.Release|Any CPU.ActiveCfg = Release|Any CPU
		{B96E97F4-2DC8-45AC-ADF5-861D0D3073FC}.Release|Any CPU.Build.0 = Release|Any CPU
		{B96E97F4-2DC8-45AC-ADF5-861D0D3073FC}.Release|x64.ActiveCfg = Release|Any CPU
		{B96E97F4-2DC8-45AC-ADF5-861D0D3073FC}.Release|x64.Build.0 = Release|Any CPU
		{B96E97F4-2DC8-45AC-ADF5-861D0D3073FC}.RelWithDebInfo|Any CPU.ActiveCfg = Release|Any CPU
		{B96E97F4-2DC8-45AC-ADF5-861D0D3073FC}.RelWithDebInfo|Any CPU.Build.0 = Release|Any CPU
		{B96E97F4-2DC8-45AC-ADF5-861D0D3073FC}.RelWithDebInfo|x64.ActiveCfg = Release|Any CPU
		{B96E97F4-2DC8-45AC-ADF5-861D0D3073FC}.RelWithDebInfo|x64.Build.0 = Release|Any CPU
		{915C2FC8-E9FB-4AC9-B233-F591880D7611}.Debug|Any CPU.ActiveCfg = Debug|Any CPU
		{915C2FC8-E9FB-4AC9-B233-F591880D7611}.Debug|Any CPU.Build.0 = Debug|Any CPU
		{915C2FC8-E9FB-4AC9-B233-F591880D7611}.Debug|x64.ActiveCfg = Debug|Any CPU
		{915C2FC8-E9FB-4AC9-B233-F591880D7611}.Debug|x64.Build.0 = Debug|Any CPU
		{915C2FC8-E9FB-4AC9-B233-F591880D7611}.MinSizeRel|Any CPU.ActiveCfg = Debug|Any CPU
		{915C2FC8-E9FB-4AC9-B233-F591880D7611}.MinSizeRel|Any CPU.Build.0 = Debug|Any CPU
		{915C2FC8-E9FB-4AC9-B233-F591880D7611}.MinSizeRel|x64.ActiveCfg = Debug|Any CPU
		{915C2FC8-E9FB-4AC9-B233-F591880D7611}.MinSizeRel|x64.Build.0 = Debug|Any CPU
		{915C2FC8-E9FB-4AC9-B233-F591880D7611}.Release|Any CPU.ActiveCfg = Release|Any CPU
		{915C2FC8-E9FB-4AC9-B233-F591880D7611}.Release|Any CPU.Build.0 = Release|Any CPU
		{915C2FC8-E9FB-4AC9-B233-F591880D7611}.Release|x64.ActiveCfg = Release|Any CPU
		{915C2FC8-E9FB-4AC9-B233-F591880D7611}.Release|x64.Build.0 = Release|Any CPU
		{915C2FC8-E9FB-4AC9-B233-F591880D7611}.RelWithDebInfo|Any CPU.ActiveCfg = Release|Any CPU
		{915C2FC8-E9FB-4AC9-B233-F591880D7611}.RelWithDebInfo|Any CPU.Build.0 = Release|Any CPU
		{915C2FC8-E9FB-4AC9-B233-F591880D7611}.RelWithDebInfo|x64.ActiveCfg = Release|Any CPU
		{915C2FC8-E9FB-4AC9-B233-F591880D7611}.RelWithDebInfo|x64.Build.0 = Release|Any CPU
		{0707121F-CD2F-4BF6-951B-DB94228FDA15}.Debug|Any CPU.ActiveCfg = Debug|Any CPU
		{0707121F-CD2F-4BF6-951B-DB94228FDA15}.Debug|Any CPU.Build.0 = Debug|Any CPU
		{0707121F-CD2F-4BF6-951B-DB94228FDA15}.Debug|x64.ActiveCfg = Debug|Any CPU
		{0707121F-CD2F-4BF6-951B-DB94228FDA15}.Debug|x64.Build.0 = Debug|Any CPU
		{0707121F-CD2F-4BF6-951B-DB94228FDA15}.MinSizeRel|Any CPU.ActiveCfg = Debug|Any CPU
		{0707121F-CD2F-4BF6-951B-DB94228FDA15}.MinSizeRel|Any CPU.Build.0 = Debug|Any CPU
		{0707121F-CD2F-4BF6-951B-DB94228FDA15}.MinSizeRel|x64.ActiveCfg = Debug|Any CPU
		{0707121F-CD2F-4BF6-951B-DB94228FDA15}.MinSizeRel|x64.Build.0 = Debug|Any CPU
		{0707121F-CD2F-4BF6-951B-DB94228FDA15}.Release|Any CPU.ActiveCfg = Release|Any CPU
		{0707121F-CD2F-4BF6-951B-DB94228FDA15}.Release|Any CPU.Build.0 = Release|Any CPU
		{0707121F-CD2F-4BF6-951B-DB94228FDA15}.Release|x64.ActiveCfg = Release|Any CPU
		{0707121F-CD2F-4BF6-951B-DB94228FDA15}.Release|x64.Build.0 = Release|Any CPU
		{0707121F-CD2F-4BF6-951B-DB94228FDA15}.RelWithDebInfo|Any CPU.ActiveCfg = Release|Any CPU
		{0707121F-CD2F-4BF6-951B-DB94228FDA15}.RelWithDebInfo|Any CPU.Build.0 = Release|Any CPU
		{0707121F-CD2F-4BF6-951B-DB94228FDA15}.RelWithDebInfo|x64.ActiveCfg = Release|Any CPU
		{0707121F-CD2F-4BF6-951B-DB94228FDA15}.RelWithDebInfo|x64.Build.0 = Release|Any CPU
	EndGlobalSection
	GlobalSection(SolutionProperties) = preSolution
		HideSolutionNode = FALSE
	EndGlobalSection
	GlobalSection(NestedProjects) = preSolution
		{E9123D45-C1B0-4462-8810-D26ED6D31944} = {03736C2E-DB2A-46A9-B7B2-C1216BDECB4F}
		{058CB08D-BFA7-41E2-BE6B-0A0A72054F91} = {34D419E9-CCF1-4E48-9FA4-3AD4B86BEEB4}
		{8EC46ADB-7FAA-49EA-BA63-E7B32C4F4445} = {34D419E9-CCF1-4E48-9FA4-3AD4B86BEEB4}
		{72B7E75C-D305-45BD-929E-C86298AAA8DE} = {34D419E9-CCF1-4E48-9FA4-3AD4B86BEEB4}
		{DD50D2D9-2765-449B-8C4B-835A428E160D} = {34D419E9-CCF1-4E48-9FA4-3AD4B86BEEB4}
		{23461B29-F9DE-4F5B-BC30-50BBE1A10B48} = {34D419E9-CCF1-4E48-9FA4-3AD4B86BEEB4}
		{A6C5BA7A-DF6F-476F-9106-95905932B810} = {03736C2E-DB2A-46A9-B7B2-C1216BDECB4F}
		{ECFE1CE8-46A1-4D14-99D6-AAF76B704638} = {34117E2A-DEDC-4274-AAA4-3C61ACF86284}
		{10D7C395-4F79-4DAF-9289-A4B8FAF6183A} = {A567C185-A429-418B-AFDE-6F1785BA4A77}
		{618FBF9D-4EF3-435D-9728-81C726236668} = {A567C185-A429-418B-AFDE-6F1785BA4A77}
		{48206BD6-48DD-4442-A395-3A6594E4C9C6} = {A567C185-A429-418B-AFDE-6F1785BA4A77}
		{B96E97F4-2DC8-45AC-ADF5-861D0D3073FC} = {A567C185-A429-418B-AFDE-6F1785BA4A77}
		{915C2FC8-E9FB-4AC9-B233-F591880D7611} = {A567C185-A429-418B-AFDE-6F1785BA4A77}
		{0707121F-CD2F-4BF6-951B-DB94228FDA15} = {34D419E9-CCF1-4E48-9FA4-3AD4B86BEEB4}
	EndGlobalSection
	GlobalSection(ExtensibilityGlobals) = postSolution
		SolutionGuid = {929C0464-86D8-4F70-8835-0A5EAF930821}
	EndGlobalSection
EndGlobal
