
Microsoft Visual Studio Solution File, Format Version 12.00
# Visual Studio Version 16
VisualStudioVersion = 16.0.28809.33
MinimumVisualStudioVersion = 10.0.40219.1
Project("{9A19103F-16F7-4668-BE54-9A1E7A4F7556}") = "Microsoft.Quantum.Runtime.Core", "src\Simulation\Core\Microsoft.Quantum.Runtime.Core.csproj", "{E9123D45-C1B0-4462-8810-D26ED6D31944}"
EndProject
Project("{9A19103F-16F7-4668-BE54-9A1E7A4F7556}") = "Microsoft.Quantum.Simulation.QCTraceSimulatorRuntime", "src\Simulation\QCTraceSimulator\Microsoft.Quantum.Simulation.QCTraceSimulatorRuntime.csproj", "{058CB08D-BFA7-41E2-BE6B-0A0A72054F91}"
EndProject
Project("{9A19103F-16F7-4668-BE54-9A1E7A4F7556}") = "Microsoft.Quantum.Simulation.Common", "src\Simulation\Common\Microsoft.Quantum.Simulation.Common.csproj", "{8EC46ADB-7FAA-49EA-BA63-E7B32C4F4445}"
EndProject
Project("{9A19103F-16F7-4668-BE54-9A1E7A4F7556}") = "Microsoft.Quantum.Simulators", "src\Simulation\Simulators\Microsoft.Quantum.Simulators.csproj", "{72B7E75C-D305-45BD-929E-C86298AAA8DE}"
EndProject
Project("{9A19103F-16F7-4668-BE54-9A1E7A4F7556}") = "Tests.Microsoft.Quantum.Simulation.QCTraceSimulatorRuntime", "src\Simulation\QCTraceSimulator.Tests\Tests.Microsoft.Quantum.Simulation.QCTraceSimulatorRuntime.csproj", "{DD50D2D9-2765-449B-8C4B-835A428E160D}"
EndProject
Project("{9A19103F-16F7-4668-BE54-9A1E7A4F7556}") = "Tests.Microsoft.Quantum.Simulators", "src\Simulation\Simulators.Tests\Tests.Microsoft.Quantum.Simulators.csproj", "{23461B29-F9DE-4F5B-BC30-50BBE1A10B48}"
EndProject
Project("{2150E333-8FDC-42A3-9474-1A3956D46DE8}") = "simulation", "simulation", "{34D419E9-CCF1-4E48-9FA4-3AD4B86BEEB4}"
EndProject
Project("{9A19103F-16F7-4668-BE54-9A1E7A4F7556}") = "Microsoft.Quantum.QSharp.Core", "src\Simulation\QSharpCore\Microsoft.Quantum.QSharp.Core.csproj", "{A6C5BA7A-DF6F-476F-9106-95905932B810}"
EndProject
Project("{2150E333-8FDC-42A3-9474-1A3956D46DE8}") = "xunit", "xunit", "{34117E2A-DEDC-4274-AAA4-3C61ACF86284}"
EndProject
Project("{2150E333-8FDC-42A3-9474-1A3956D46DE8}") = "core", "core", "{03736C2E-DB2A-46A9-B7B2-C1216BDECB4F}"
EndProject
Project("{9A19103F-16F7-4668-BE54-9A1E7A4F7556}") = "Microsoft.Quantum.Xunit", "src\Xunit\Microsoft.Quantum.Xunit.csproj", "{ECFE1CE8-46A1-4D14-99D6-AAF76B704638}"
EndProject
Project("{2150E333-8FDC-42A3-9474-1A3956D46DE8}") = "driver", "driver", "{A567C185-A429-418B-AFDE-6F1785BA4A77}"
EndProject
Project("{2150E333-8FDC-42A3-9474-1A3956D46DE8}") = "TestProjects", "TestProjects", "{09C842CB-930C-4C7D-AD5F-E30DE4A55820}"
EndProject
Project("{9A19103F-16F7-4668-BE54-9A1E7A4F7556}") = "QSharpExe", "src\Simulation\Simulators.Tests\TestProjects\QSharpExe\QSharpExe.csproj", "{2F5796A7-4AF8-4B78-928A-0A3A80752F9D}"
EndProject
Project("{9A19103F-16F7-4668-BE54-9A1E7A4F7556}") = "Microsoft.Quantum.EntryPointDriver", "src\Simulation\EntryPointDriver\Microsoft.Quantum.EntryPointDriver.csproj", "{944FE7EF-9220-4CC6-BB20-CE517195B922}"
EndProject
Project("{6EC3EE1D-3C4E-46DD-8F32-0CC8E7565705}") = "Tests.Microsoft.Quantum.EntryPointDriver", "src\Simulation\EntryPointDriver.Tests\Tests.Microsoft.Quantum.EntryPointDriver.fsproj", "{E2F30496-19D8-46A8-9BC0-26936FFE70D2}"
EndProject
Project("{9A19103F-16F7-4668-BE54-9A1E7A4F7556}") = "Library1", "src\Simulation\Simulators.Tests\TestProjects\Library1\Library1.csproj", "{7256B986-6705-42FC-9F57-485D72D9DE51}"
EndProject
Project("{9A19103F-16F7-4668-BE54-9A1E7A4F7556}") = "Library2", "src\Simulation\Simulators.Tests\TestProjects\Library2\Library2.csproj", "{A85277B3-4E07-4E15-8F0C-07CC855A3BCB}"
EndProject
Project("{9A19103F-16F7-4668-BE54-9A1E7A4F7556}") = "Library with Spaces", "src\Simulation\Simulators.Tests\TestProjects\Library with Spaces\Library with Spaces.csproj", "{418E79F7-9FCF-4128-AA35-1334A685377D}"
EndProject
Project("{9A19103F-16F7-4668-BE54-9A1E7A4F7556}") = "UnitTests", "src\Simulation\Simulators.Tests\TestProjects\UnitTests\UnitTests.csproj", "{46278108-D247-4EFC-AC34-23D4A676F62F}"
EndProject
Project("{2150E333-8FDC-42A3-9474-1A3956D46DE8}") = "Azure", "Azure", "{37CDC768-16D4-4574-8553-07D99D0A72F7}"
EndProject
Project("{9A19103F-16F7-4668-BE54-9A1E7A4F7556}") = "Microsoft.Azure.Quantum.Client", "src\Azure\Azure.Quantum.Client\Microsoft.Azure.Quantum.Client.csproj", "{7F05FD87-A2FB-4915-A988-4EF92AB82179}"
EndProject
Project("{9A19103F-16F7-4668-BE54-9A1E7A4F7556}") = "Tests.Microsoft.Azure.Quantum.Client", "src\Azure\Azure.Quantum.Client.Test\Tests.Microsoft.Azure.Quantum.Client.csproj", "{4858E5E3-23FA-4928-B99A-54065875A2B9}"
EndProject
Project("{9A19103F-16F7-4668-BE54-9A1E7A4F7556}") = "HoneywellExe", "src\Simulation\Simulators.Tests\TestProjects\HoneywellExe\HoneywellExe.csproj", "{1448512E-132F-4DA8-BCBA-D98F16B31600}"
EndProject
Project("{9A19103F-16F7-4668-BE54-9A1E7A4F7556}") = "IonQExe", "src\Simulation\Simulators.Tests\TestProjects\IonQExe\IonQExe.csproj", "{55833C6C-6E91-4413-9F77-96B3A09666B8}"
EndProject
Project("{9A19103F-16F7-4668-BE54-9A1E7A4F7556}") = "QCIExe", "src\Simulation\Simulators.Tests\TestProjects\QCIExe\QCIExe.csproj", "{C015FF41-9A51-4AF0-AEFC-2547D596B10A}"
EndProject
Project("{9A19103F-16F7-4668-BE54-9A1E7A4F7556}") = "TargetedExe", "src\Simulation\Simulators.Tests\TestProjects\TargetedExe\TargetedExe.csproj", "{D292BF18-3956-4827-820E-254C3F81EF09}"
EndProject
Project("{9A19103F-16F7-4668-BE54-9A1E7A4F7556}") = "Microsoft.Quantum.QSharp.Foundation", "src\Simulation\QSharpFoundation\Microsoft.Quantum.QSharp.Foundation.csproj", "{DB45AD73-4D91-43F3-85CC-C63614A96FB0}"
EndProject
Project("{9A19103F-16F7-4668-BE54-9A1E7A4F7556}") = "Microsoft.Quantum.Type2.Core", "src\Simulation\Type2Core\Microsoft.Quantum.Type2.Core.csproj", "{AF6CD304-8E03-433D-AAA2-6E0094B53071}"
EndProject
Project("{9A19103F-16F7-4668-BE54-9A1E7A4F7556}") = "Tests.Microsoft.Quantum.Simulators.Type2", "src\Simulation\Simulators.Type2.Tests\Tests.Microsoft.Quantum.Simulators.Type2.csproj", "{ED3D7040-4B3F-4217-A75E-9DF63DD84707}"
EndProject
Project("{9A19103F-16F7-4668-BE54-9A1E7A4F7556}") = "IntrinsicTests", "src\Simulation\Simulators.Tests\TestProjects\IntrinsicTests\IntrinsicTests.csproj", "{4EF958CA-B4A6-4E5F-924A-100B5615BEC3}"
EndProject
Project("{9A19103F-16F7-4668-BE54-9A1E7A4F7556}") = "Tests.Microsoft.Quantum.Simulators.Type1", "src\Simulation\Simulators.Type1.Tests\Tests.Microsoft.Quantum.Simulators.Type1.csproj", "{EB6E3DBD-C884-4241-9BC4-8281191D1F53}"
EndProject
Project("{9A19103F-16F7-4668-BE54-9A1E7A4F7556}") = "Microsoft.Quantum.Type1.Core", "src\Simulation\Type1Core\Microsoft.Quantum.Type1.Core.csproj", "{E1A463D7-2E23-4134-BE04-1EFF7A546813}"
EndProject
Project("{2150E333-8FDC-42A3-9474-1A3956D46DE8}") = "targeting", "targeting", "{93409CC3-8DF9-45FA-AE21-16A19FDEF650}"
EndProject
Project("{9A19103F-16F7-4668-BE54-9A1E7A4F7556}") = "Microsoft.Quantum.Targets.Interfaces", "src\Simulation\TargetDefinitions\Interfaces\Microsoft.Quantum.Targets.Interfaces.csproj", "{789C86D9-CE77-40DA-BDDD-979436952512}"
EndProject
Project("{9A19103F-16F7-4668-BE54-9A1E7A4F7556}") = "Microsoft.Quantum.Type3.Core", "src\Simulation\Type3Core\Microsoft.Quantum.Type3.Core.csproj", "{7E24885B-D86D-477E-A840-06FA53C33FE1}"
EndProject
Project("{9A19103F-16F7-4668-BE54-9A1E7A4F7556}") = "Tests.Microsoft.Quantum.Simulators.Type3", "src\Simulation\Simulators.Type3.Tests\Tests.Microsoft.Quantum.Simulators.Type3.csproj", "{7F80466B-A6B5-4EF1-A9E9-22ABAE3C20C1}"
EndProject
Project("{2150E333-8FDC-42A3-9474-1A3956D46DE8}") = "qir", "qir", "{F6C2D4C0-12DC-40E3-9C86-FA5308D9B567}"
EndProject
Project("{2150E333-8FDC-42A3-9474-1A3956D46DE8}") = "Tests", "Tests", "{7F7BB60A-5DCB-469E-8546-1BE9E3CAC833}"
EndProject
Project("{2150E333-8FDC-42A3-9474-1A3956D46DE8}") = "FullstateSimulator", "FullstateSimulator", "{EAC5EAE7-D1B3-4726-AFDB-73000E62176A}"
EndProject
Project("{9A19103F-16F7-4668-BE54-9A1E7A4F7556}") = "qir-test-simulator", "src\Qir\Tests\FullstateSimulator\qsharp\qir-test-simulator.csproj", "{C7531119-9730-497A-9D11-8BBB3761B726}"
EndProject
Project("{2150E333-8FDC-42A3-9474-1A3956D46DE8}") = "QIR-dynamic", "QIR-dynamic", "{3DFACF7F-D5C2-455B-AB8A-26908DEF7E2D}"
EndProject
Project("{9A19103F-16F7-4668-BE54-9A1E7A4F7556}") = "qir-test-random", "src\Qir\Tests\QIR-dynamic\qsharp\qir-test-random.csproj", "{5DBF6402-D9CD-4470-A309-3755CFDA42CF}"
EndProject
Project("{2150E333-8FDC-42A3-9474-1A3956D46DE8}") = "QIR-static", "QIR-static", "{54000816-122C-4AA0-9FE9-B0ABB9547232}"
EndProject
Project("{9A19103F-16F7-4668-BE54-9A1E7A4F7556}") = "qir-gen", "src\Qir\Tests\QIR-static\qsharp\qir-gen.csproj", "{33ED37AB-61B1-4A49-9952-58D19AA8EF30}"
EndProject
Project("{2150E333-8FDC-42A3-9474-1A3956D46DE8}") = "QIR-tracer", "QIR-tracer", "{522EAA31-6317-42D5-831F-C39313DF03A0}"
EndProject
Project("{9A19103F-16F7-4668-BE54-9A1E7A4F7556}") = "tracer-qir", "src\Qir\Tests\QIR-tracer\qsharp\tracer-qir.csproj", "{002174F4-BFA8-4675-908D-0E9C32ED951A}"
EndProject
Project("{2150E333-8FDC-42A3-9474-1A3956D46DE8}") = "Samples", "Samples", "{AAFB81D3-BC87-404D-BA64-AF40B2D2E45A}"
EndProject
Project("{2150E333-8FDC-42A3-9474-1A3956D46DE8}") = "StandaloneInputReference", "StandaloneInputReference", "{A7DB7367-9FD6-4164-8263-A05077BE54AB}"
EndProject
Project("{9A19103F-16F7-4668-BE54-9A1E7A4F7556}") = "qir-standalone-input-reference", "src\Qir\Samples\StandaloneInputReference\qsharp\qir-standalone-input-reference.csproj", "{D7D34736-A719-4B45-A33F-2723F59EC29D}"
EndProject
Project("{2150E333-8FDC-42A3-9474-1A3956D46DE8}") = "Execution", "Execution", "{442E66C8-F69F-44E9-9CD9-1F52C37EA41B}"
EndProject
Project("{9A19103F-16F7-4668-BE54-9A1E7A4F7556}") = "Microsoft.Quantum.Qir.Runtime.Tools", "src\Qir\Tools\Microsoft.Quantum.Qir.Runtime.Tools.csproj", "{C60226E3-98DE-4E92-AED4-B4A93D4CA063}"
EndProject
Project("{9A19103F-16F7-4668-BE54-9A1E7A4F7556}") = "Tests.Microsoft.Quantum.Qir.Runtime.Tools", "src\Qir\Tests\Tools\Tests.Microsoft.Quantum.Qir.Runtime.Tools.csproj", "{4794FC80-4594-403F-AFEC-4889EFE87EA0}"
EndProject
Project("{9A19103F-16F7-4668-BE54-9A1E7A4F7556}") = "QirExe", "src\Simulation\Simulators.Tests\TestProjects\QirExe\QirExe.csproj", "{A0B98D0E-FC28-4FD8-8806-4825B9F5489D}"
EndProject
Project("{9A19103F-16F7-4668-BE54-9A1E7A4F7556}") = "Microsoft.Quantum.Qir.CommandLineTool", "src\Qir\CommandLineTool\Microsoft.Quantum.Qir.CommandLineTool.csproj", "{EAABB911-02EE-4A05-B566-0084013FC5CD}"
EndProject
Project("{9A19103F-16F7-4668-BE54-9A1E7A4F7556}") = "Microsoft.Quantum.AutoSubstitution", "src\Simulation\AutoSubstitution\Microsoft.Quantum.AutoSubstitution.csproj", "{33D66E90-049F-4A0B-A2B1-79E7E7E0ED0F}"
EndProject
Project("{9A19103F-16F7-4668-BE54-9A1E7A4F7556}") = "Tests.Microsoft.Quantum.AutoSubstitution", "src\Simulation\AutoSubstitution.Tests\Tests.Microsoft.Quantum.AutoSubstitution.csproj", "{4EBC65DF-3B5E-419B-8E26-3EEF0B5CD300}"
EndProject
Project("{9A19103F-16F7-4668-BE54-9A1E7A4F7556}") = "Tests.Microsoft.Quantum.AutoSubstitution.Integration", "src\Simulation\AutoSubstitution.Integration.Tests\Tests.Microsoft.Quantum.AutoSubstitution.Integration.csproj", "{D23480EE-88FC-4DF2-86BD-1C5BDD6CD98C}"
EndProject
Project("{9A19103F-16F7-4668-BE54-9A1E7A4F7556}") = "MicrosoftSimulatorExe", "src\Simulation\Simulators.Tests\TestProjects\MicrosoftSimulatorExe\MicrosoftSimulatorExe.csproj", "{9C317A71-702B-4C5D-9D19-D9A28CD483A5}"
EndProject
Project("{FAE04EC0-301F-11D3-BF4B-00C04F79EFBC}") = "Tests.TargetDefinitions", "src\Simulation\TargetDefinitions\Tests\Tests.TargetDefinitions.csproj", "{E5CB56D0-EDB1-4E07-A304-E17041F67642}"
EndProject
Global
	GlobalSection(SolutionConfigurationPlatforms) = preSolution
		Debug|Any CPU = Debug|Any CPU
		Debug|x64 = Debug|x64
		MinSizeRel|Any CPU = MinSizeRel|Any CPU
		MinSizeRel|x64 = MinSizeRel|x64
		Release|Any CPU = Release|Any CPU
		Release|x64 = Release|x64
		RelWithDebInfo|Any CPU = RelWithDebInfo|Any CPU
		RelWithDebInfo|x64 = RelWithDebInfo|x64
	EndGlobalSection
	GlobalSection(ProjectConfigurationPlatforms) = postSolution
		{E9123D45-C1B0-4462-8810-D26ED6D31944}.Debug|Any CPU.ActiveCfg = Debug|Any CPU
		{E9123D45-C1B0-4462-8810-D26ED6D31944}.Debug|Any CPU.Build.0 = Debug|Any CPU
		{E9123D45-C1B0-4462-8810-D26ED6D31944}.Debug|x64.ActiveCfg = Debug|Any CPU
		{E9123D45-C1B0-4462-8810-D26ED6D31944}.Debug|x64.Build.0 = Debug|Any CPU
		{E9123D45-C1B0-4462-8810-D26ED6D31944}.MinSizeRel|Any CPU.ActiveCfg = Release|Any CPU
		{E9123D45-C1B0-4462-8810-D26ED6D31944}.MinSizeRel|Any CPU.Build.0 = Release|Any CPU
		{E9123D45-C1B0-4462-8810-D26ED6D31944}.MinSizeRel|x64.ActiveCfg = Release|Any CPU
		{E9123D45-C1B0-4462-8810-D26ED6D31944}.MinSizeRel|x64.Build.0 = Release|Any CPU
		{E9123D45-C1B0-4462-8810-D26ED6D31944}.Release|Any CPU.ActiveCfg = Release|Any CPU
		{E9123D45-C1B0-4462-8810-D26ED6D31944}.Release|Any CPU.Build.0 = Release|Any CPU
		{E9123D45-C1B0-4462-8810-D26ED6D31944}.Release|x64.ActiveCfg = Release|Any CPU
		{E9123D45-C1B0-4462-8810-D26ED6D31944}.Release|x64.Build.0 = Release|Any CPU
		{E9123D45-C1B0-4462-8810-D26ED6D31944}.RelWithDebInfo|Any CPU.ActiveCfg = Release|Any CPU
		{E9123D45-C1B0-4462-8810-D26ED6D31944}.RelWithDebInfo|Any CPU.Build.0 = Release|Any CPU
		{E9123D45-C1B0-4462-8810-D26ED6D31944}.RelWithDebInfo|x64.ActiveCfg = Release|Any CPU
		{E9123D45-C1B0-4462-8810-D26ED6D31944}.RelWithDebInfo|x64.Build.0 = Release|Any CPU
		{058CB08D-BFA7-41E2-BE6B-0A0A72054F91}.Debug|Any CPU.ActiveCfg = Debug|Any CPU
		{058CB08D-BFA7-41E2-BE6B-0A0A72054F91}.Debug|Any CPU.Build.0 = Debug|Any CPU
		{058CB08D-BFA7-41E2-BE6B-0A0A72054F91}.Debug|x64.ActiveCfg = Debug|Any CPU
		{058CB08D-BFA7-41E2-BE6B-0A0A72054F91}.Debug|x64.Build.0 = Debug|Any CPU
		{058CB08D-BFA7-41E2-BE6B-0A0A72054F91}.MinSizeRel|Any CPU.ActiveCfg = Release|Any CPU
		{058CB08D-BFA7-41E2-BE6B-0A0A72054F91}.MinSizeRel|Any CPU.Build.0 = Release|Any CPU
		{058CB08D-BFA7-41E2-BE6B-0A0A72054F91}.MinSizeRel|x64.ActiveCfg = Release|Any CPU
		{058CB08D-BFA7-41E2-BE6B-0A0A72054F91}.MinSizeRel|x64.Build.0 = Release|Any CPU
		{058CB08D-BFA7-41E2-BE6B-0A0A72054F91}.Release|Any CPU.ActiveCfg = Release|Any CPU
		{058CB08D-BFA7-41E2-BE6B-0A0A72054F91}.Release|Any CPU.Build.0 = Release|Any CPU
		{058CB08D-BFA7-41E2-BE6B-0A0A72054F91}.Release|x64.ActiveCfg = Release|Any CPU
		{058CB08D-BFA7-41E2-BE6B-0A0A72054F91}.Release|x64.Build.0 = Release|Any CPU
		{058CB08D-BFA7-41E2-BE6B-0A0A72054F91}.RelWithDebInfo|Any CPU.ActiveCfg = Release|Any CPU
		{058CB08D-BFA7-41E2-BE6B-0A0A72054F91}.RelWithDebInfo|Any CPU.Build.0 = Release|Any CPU
		{058CB08D-BFA7-41E2-BE6B-0A0A72054F91}.RelWithDebInfo|x64.ActiveCfg = Release|Any CPU
		{058CB08D-BFA7-41E2-BE6B-0A0A72054F91}.RelWithDebInfo|x64.Build.0 = Release|Any CPU
		{8EC46ADB-7FAA-49EA-BA63-E7B32C4F4445}.Debug|Any CPU.ActiveCfg = Debug|Any CPU
		{8EC46ADB-7FAA-49EA-BA63-E7B32C4F4445}.Debug|Any CPU.Build.0 = Debug|Any CPU
		{8EC46ADB-7FAA-49EA-BA63-E7B32C4F4445}.Debug|x64.ActiveCfg = Debug|Any CPU
		{8EC46ADB-7FAA-49EA-BA63-E7B32C4F4445}.Debug|x64.Build.0 = Debug|Any CPU
		{8EC46ADB-7FAA-49EA-BA63-E7B32C4F4445}.MinSizeRel|Any CPU.ActiveCfg = Release|Any CPU
		{8EC46ADB-7FAA-49EA-BA63-E7B32C4F4445}.MinSizeRel|Any CPU.Build.0 = Release|Any CPU
		{8EC46ADB-7FAA-49EA-BA63-E7B32C4F4445}.MinSizeRel|x64.ActiveCfg = Release|Any CPU
		{8EC46ADB-7FAA-49EA-BA63-E7B32C4F4445}.MinSizeRel|x64.Build.0 = Release|Any CPU
		{8EC46ADB-7FAA-49EA-BA63-E7B32C4F4445}.Release|Any CPU.ActiveCfg = Release|Any CPU
		{8EC46ADB-7FAA-49EA-BA63-E7B32C4F4445}.Release|Any CPU.Build.0 = Release|Any CPU
		{8EC46ADB-7FAA-49EA-BA63-E7B32C4F4445}.Release|x64.ActiveCfg = Release|Any CPU
		{8EC46ADB-7FAA-49EA-BA63-E7B32C4F4445}.Release|x64.Build.0 = Release|Any CPU
		{8EC46ADB-7FAA-49EA-BA63-E7B32C4F4445}.RelWithDebInfo|Any CPU.ActiveCfg = Release|Any CPU
		{8EC46ADB-7FAA-49EA-BA63-E7B32C4F4445}.RelWithDebInfo|Any CPU.Build.0 = Release|Any CPU
		{8EC46ADB-7FAA-49EA-BA63-E7B32C4F4445}.RelWithDebInfo|x64.ActiveCfg = Release|Any CPU
		{8EC46ADB-7FAA-49EA-BA63-E7B32C4F4445}.RelWithDebInfo|x64.Build.0 = Release|Any CPU
		{72B7E75C-D305-45BD-929E-C86298AAA8DE}.Debug|Any CPU.ActiveCfg = Debug|Any CPU
		{72B7E75C-D305-45BD-929E-C86298AAA8DE}.Debug|Any CPU.Build.0 = Debug|Any CPU
		{72B7E75C-D305-45BD-929E-C86298AAA8DE}.Debug|x64.ActiveCfg = Debug|Any CPU
		{72B7E75C-D305-45BD-929E-C86298AAA8DE}.Debug|x64.Build.0 = Debug|Any CPU
		{72B7E75C-D305-45BD-929E-C86298AAA8DE}.MinSizeRel|Any CPU.ActiveCfg = Release|Any CPU
		{72B7E75C-D305-45BD-929E-C86298AAA8DE}.MinSizeRel|Any CPU.Build.0 = Release|Any CPU
		{72B7E75C-D305-45BD-929E-C86298AAA8DE}.MinSizeRel|x64.ActiveCfg = Release|Any CPU
		{72B7E75C-D305-45BD-929E-C86298AAA8DE}.MinSizeRel|x64.Build.0 = Release|Any CPU
		{72B7E75C-D305-45BD-929E-C86298AAA8DE}.Release|Any CPU.ActiveCfg = Release|Any CPU
		{72B7E75C-D305-45BD-929E-C86298AAA8DE}.Release|Any CPU.Build.0 = Release|Any CPU
		{72B7E75C-D305-45BD-929E-C86298AAA8DE}.Release|x64.ActiveCfg = Release|Any CPU
		{72B7E75C-D305-45BD-929E-C86298AAA8DE}.Release|x64.Build.0 = Release|Any CPU
		{72B7E75C-D305-45BD-929E-C86298AAA8DE}.RelWithDebInfo|Any CPU.ActiveCfg = Release|Any CPU
		{72B7E75C-D305-45BD-929E-C86298AAA8DE}.RelWithDebInfo|Any CPU.Build.0 = Release|Any CPU
		{72B7E75C-D305-45BD-929E-C86298AAA8DE}.RelWithDebInfo|x64.ActiveCfg = Release|Any CPU
		{72B7E75C-D305-45BD-929E-C86298AAA8DE}.RelWithDebInfo|x64.Build.0 = Release|Any CPU
		{DD50D2D9-2765-449B-8C4B-835A428E160D}.Debug|Any CPU.ActiveCfg = Debug|Any CPU
		{DD50D2D9-2765-449B-8C4B-835A428E160D}.Debug|Any CPU.Build.0 = Debug|Any CPU
		{DD50D2D9-2765-449B-8C4B-835A428E160D}.Debug|x64.ActiveCfg = Debug|Any CPU
		{DD50D2D9-2765-449B-8C4B-835A428E160D}.Debug|x64.Build.0 = Debug|Any CPU
		{DD50D2D9-2765-449B-8C4B-835A428E160D}.MinSizeRel|Any CPU.ActiveCfg = Debug|Any CPU
		{DD50D2D9-2765-449B-8C4B-835A428E160D}.MinSizeRel|Any CPU.Build.0 = Debug|Any CPU
		{DD50D2D9-2765-449B-8C4B-835A428E160D}.MinSizeRel|x64.ActiveCfg = Debug|Any CPU
		{DD50D2D9-2765-449B-8C4B-835A428E160D}.MinSizeRel|x64.Build.0 = Debug|Any CPU
		{DD50D2D9-2765-449B-8C4B-835A428E160D}.Release|Any CPU.ActiveCfg = Release|Any CPU
		{DD50D2D9-2765-449B-8C4B-835A428E160D}.Release|Any CPU.Build.0 = Release|Any CPU
		{DD50D2D9-2765-449B-8C4B-835A428E160D}.Release|x64.ActiveCfg = Release|Any CPU
		{DD50D2D9-2765-449B-8C4B-835A428E160D}.Release|x64.Build.0 = Release|Any CPU
		{DD50D2D9-2765-449B-8C4B-835A428E160D}.RelWithDebInfo|Any CPU.ActiveCfg = Release|Any CPU
		{DD50D2D9-2765-449B-8C4B-835A428E160D}.RelWithDebInfo|Any CPU.Build.0 = Release|Any CPU
		{DD50D2D9-2765-449B-8C4B-835A428E160D}.RelWithDebInfo|x64.ActiveCfg = Release|Any CPU
		{DD50D2D9-2765-449B-8C4B-835A428E160D}.RelWithDebInfo|x64.Build.0 = Release|Any CPU
		{23461B29-F9DE-4F5B-BC30-50BBE1A10B48}.Debug|Any CPU.ActiveCfg = Debug|Any CPU
		{23461B29-F9DE-4F5B-BC30-50BBE1A10B48}.Debug|Any CPU.Build.0 = Debug|Any CPU
		{23461B29-F9DE-4F5B-BC30-50BBE1A10B48}.Debug|x64.ActiveCfg = Debug|Any CPU
		{23461B29-F9DE-4F5B-BC30-50BBE1A10B48}.Debug|x64.Build.0 = Debug|Any CPU
		{23461B29-F9DE-4F5B-BC30-50BBE1A10B48}.MinSizeRel|Any CPU.ActiveCfg = Debug|Any CPU
		{23461B29-F9DE-4F5B-BC30-50BBE1A10B48}.MinSizeRel|Any CPU.Build.0 = Debug|Any CPU
		{23461B29-F9DE-4F5B-BC30-50BBE1A10B48}.MinSizeRel|x64.ActiveCfg = Debug|Any CPU
		{23461B29-F9DE-4F5B-BC30-50BBE1A10B48}.MinSizeRel|x64.Build.0 = Debug|Any CPU
		{23461B29-F9DE-4F5B-BC30-50BBE1A10B48}.Release|Any CPU.ActiveCfg = Release|Any CPU
		{23461B29-F9DE-4F5B-BC30-50BBE1A10B48}.Release|Any CPU.Build.0 = Release|Any CPU
		{23461B29-F9DE-4F5B-BC30-50BBE1A10B48}.Release|x64.ActiveCfg = Release|Any CPU
		{23461B29-F9DE-4F5B-BC30-50BBE1A10B48}.Release|x64.Build.0 = Release|Any CPU
		{23461B29-F9DE-4F5B-BC30-50BBE1A10B48}.RelWithDebInfo|Any CPU.ActiveCfg = Release|Any CPU
		{23461B29-F9DE-4F5B-BC30-50BBE1A10B48}.RelWithDebInfo|Any CPU.Build.0 = Release|Any CPU
		{23461B29-F9DE-4F5B-BC30-50BBE1A10B48}.RelWithDebInfo|x64.ActiveCfg = Release|Any CPU
		{23461B29-F9DE-4F5B-BC30-50BBE1A10B48}.RelWithDebInfo|x64.Build.0 = Release|Any CPU
		{A6C5BA7A-DF6F-476F-9106-95905932B810}.Debug|Any CPU.ActiveCfg = Debug|Any CPU
		{A6C5BA7A-DF6F-476F-9106-95905932B810}.Debug|Any CPU.Build.0 = Debug|Any CPU
		{A6C5BA7A-DF6F-476F-9106-95905932B810}.Debug|x64.ActiveCfg = Debug|Any CPU
		{A6C5BA7A-DF6F-476F-9106-95905932B810}.Debug|x64.Build.0 = Debug|Any CPU
		{A6C5BA7A-DF6F-476F-9106-95905932B810}.MinSizeRel|Any CPU.ActiveCfg = Debug|Any CPU
		{A6C5BA7A-DF6F-476F-9106-95905932B810}.MinSizeRel|Any CPU.Build.0 = Debug|Any CPU
		{A6C5BA7A-DF6F-476F-9106-95905932B810}.MinSizeRel|x64.ActiveCfg = Debug|Any CPU
		{A6C5BA7A-DF6F-476F-9106-95905932B810}.MinSizeRel|x64.Build.0 = Debug|Any CPU
		{A6C5BA7A-DF6F-476F-9106-95905932B810}.Release|Any CPU.ActiveCfg = Release|Any CPU
		{A6C5BA7A-DF6F-476F-9106-95905932B810}.Release|Any CPU.Build.0 = Release|Any CPU
		{A6C5BA7A-DF6F-476F-9106-95905932B810}.Release|x64.ActiveCfg = Release|Any CPU
		{A6C5BA7A-DF6F-476F-9106-95905932B810}.Release|x64.Build.0 = Release|Any CPU
		{A6C5BA7A-DF6F-476F-9106-95905932B810}.RelWithDebInfo|Any CPU.ActiveCfg = Release|Any CPU
		{A6C5BA7A-DF6F-476F-9106-95905932B810}.RelWithDebInfo|Any CPU.Build.0 = Release|Any CPU
		{A6C5BA7A-DF6F-476F-9106-95905932B810}.RelWithDebInfo|x64.ActiveCfg = Release|Any CPU
		{A6C5BA7A-DF6F-476F-9106-95905932B810}.RelWithDebInfo|x64.Build.0 = Release|Any CPU
		{ECFE1CE8-46A1-4D14-99D6-AAF76B704638}.Debug|Any CPU.ActiveCfg = Debug|Any CPU
		{ECFE1CE8-46A1-4D14-99D6-AAF76B704638}.Debug|Any CPU.Build.0 = Debug|Any CPU
		{ECFE1CE8-46A1-4D14-99D6-AAF76B704638}.Debug|x64.ActiveCfg = Debug|Any CPU
		{ECFE1CE8-46A1-4D14-99D6-AAF76B704638}.Debug|x64.Build.0 = Debug|Any CPU
		{ECFE1CE8-46A1-4D14-99D6-AAF76B704638}.MinSizeRel|Any CPU.ActiveCfg = Debug|Any CPU
		{ECFE1CE8-46A1-4D14-99D6-AAF76B704638}.MinSizeRel|Any CPU.Build.0 = Debug|Any CPU
		{ECFE1CE8-46A1-4D14-99D6-AAF76B704638}.MinSizeRel|x64.ActiveCfg = Debug|Any CPU
		{ECFE1CE8-46A1-4D14-99D6-AAF76B704638}.MinSizeRel|x64.Build.0 = Debug|Any CPU
		{ECFE1CE8-46A1-4D14-99D6-AAF76B704638}.Release|Any CPU.ActiveCfg = Release|Any CPU
		{ECFE1CE8-46A1-4D14-99D6-AAF76B704638}.Release|Any CPU.Build.0 = Release|Any CPU
		{ECFE1CE8-46A1-4D14-99D6-AAF76B704638}.Release|x64.ActiveCfg = Release|Any CPU
		{ECFE1CE8-46A1-4D14-99D6-AAF76B704638}.Release|x64.Build.0 = Release|Any CPU
		{ECFE1CE8-46A1-4D14-99D6-AAF76B704638}.RelWithDebInfo|Any CPU.ActiveCfg = Release|Any CPU
		{ECFE1CE8-46A1-4D14-99D6-AAF76B704638}.RelWithDebInfo|Any CPU.Build.0 = Release|Any CPU
		{ECFE1CE8-46A1-4D14-99D6-AAF76B704638}.RelWithDebInfo|x64.ActiveCfg = Release|Any CPU
		{ECFE1CE8-46A1-4D14-99D6-AAF76B704638}.RelWithDebInfo|x64.Build.0 = Release|Any CPU
		{2F5796A7-4AF8-4B78-928A-0A3A80752F9D}.Debug|Any CPU.ActiveCfg = Debug|Any CPU
		{2F5796A7-4AF8-4B78-928A-0A3A80752F9D}.Debug|Any CPU.Build.0 = Debug|Any CPU
		{2F5796A7-4AF8-4B78-928A-0A3A80752F9D}.Debug|x64.ActiveCfg = Debug|Any CPU
		{2F5796A7-4AF8-4B78-928A-0A3A80752F9D}.Debug|x64.Build.0 = Debug|Any CPU
		{2F5796A7-4AF8-4B78-928A-0A3A80752F9D}.MinSizeRel|Any CPU.ActiveCfg = Debug|Any CPU
		{2F5796A7-4AF8-4B78-928A-0A3A80752F9D}.MinSizeRel|Any CPU.Build.0 = Debug|Any CPU
		{2F5796A7-4AF8-4B78-928A-0A3A80752F9D}.MinSizeRel|x64.ActiveCfg = Debug|Any CPU
		{2F5796A7-4AF8-4B78-928A-0A3A80752F9D}.MinSizeRel|x64.Build.0 = Debug|Any CPU
		{2F5796A7-4AF8-4B78-928A-0A3A80752F9D}.Release|Any CPU.ActiveCfg = Release|Any CPU
		{2F5796A7-4AF8-4B78-928A-0A3A80752F9D}.Release|Any CPU.Build.0 = Release|Any CPU
		{2F5796A7-4AF8-4B78-928A-0A3A80752F9D}.Release|x64.ActiveCfg = Release|Any CPU
		{2F5796A7-4AF8-4B78-928A-0A3A80752F9D}.Release|x64.Build.0 = Release|Any CPU
		{2F5796A7-4AF8-4B78-928A-0A3A80752F9D}.RelWithDebInfo|Any CPU.ActiveCfg = Release|Any CPU
		{2F5796A7-4AF8-4B78-928A-0A3A80752F9D}.RelWithDebInfo|Any CPU.Build.0 = Release|Any CPU
		{2F5796A7-4AF8-4B78-928A-0A3A80752F9D}.RelWithDebInfo|x64.ActiveCfg = Release|Any CPU
		{2F5796A7-4AF8-4B78-928A-0A3A80752F9D}.RelWithDebInfo|x64.Build.0 = Release|Any CPU
		{944FE7EF-9220-4CC6-BB20-CE517195B922}.Debug|Any CPU.ActiveCfg = Debug|Any CPU
		{944FE7EF-9220-4CC6-BB20-CE517195B922}.Debug|Any CPU.Build.0 = Debug|Any CPU
		{944FE7EF-9220-4CC6-BB20-CE517195B922}.Debug|x64.ActiveCfg = Debug|Any CPU
		{944FE7EF-9220-4CC6-BB20-CE517195B922}.Debug|x64.Build.0 = Debug|Any CPU
		{944FE7EF-9220-4CC6-BB20-CE517195B922}.MinSizeRel|Any CPU.ActiveCfg = Debug|Any CPU
		{944FE7EF-9220-4CC6-BB20-CE517195B922}.MinSizeRel|Any CPU.Build.0 = Debug|Any CPU
		{944FE7EF-9220-4CC6-BB20-CE517195B922}.MinSizeRel|x64.ActiveCfg = Debug|Any CPU
		{944FE7EF-9220-4CC6-BB20-CE517195B922}.MinSizeRel|x64.Build.0 = Debug|Any CPU
		{944FE7EF-9220-4CC6-BB20-CE517195B922}.Release|Any CPU.ActiveCfg = Release|Any CPU
		{944FE7EF-9220-4CC6-BB20-CE517195B922}.Release|Any CPU.Build.0 = Release|Any CPU
		{944FE7EF-9220-4CC6-BB20-CE517195B922}.Release|x64.ActiveCfg = Release|Any CPU
		{944FE7EF-9220-4CC6-BB20-CE517195B922}.Release|x64.Build.0 = Release|Any CPU
		{944FE7EF-9220-4CC6-BB20-CE517195B922}.RelWithDebInfo|Any CPU.ActiveCfg = Debug|Any CPU
		{944FE7EF-9220-4CC6-BB20-CE517195B922}.RelWithDebInfo|Any CPU.Build.0 = Debug|Any CPU
		{944FE7EF-9220-4CC6-BB20-CE517195B922}.RelWithDebInfo|x64.ActiveCfg = Debug|Any CPU
		{944FE7EF-9220-4CC6-BB20-CE517195B922}.RelWithDebInfo|x64.Build.0 = Debug|Any CPU
		{E2F30496-19D8-46A8-9BC0-26936FFE70D2}.Debug|Any CPU.ActiveCfg = Debug|Any CPU
		{E2F30496-19D8-46A8-9BC0-26936FFE70D2}.Debug|Any CPU.Build.0 = Debug|Any CPU
		{E2F30496-19D8-46A8-9BC0-26936FFE70D2}.Debug|x64.ActiveCfg = Debug|Any CPU
		{E2F30496-19D8-46A8-9BC0-26936FFE70D2}.Debug|x64.Build.0 = Debug|Any CPU
		{E2F30496-19D8-46A8-9BC0-26936FFE70D2}.MinSizeRel|Any CPU.ActiveCfg = Debug|Any CPU
		{E2F30496-19D8-46A8-9BC0-26936FFE70D2}.MinSizeRel|Any CPU.Build.0 = Debug|Any CPU
		{E2F30496-19D8-46A8-9BC0-26936FFE70D2}.MinSizeRel|x64.ActiveCfg = Debug|Any CPU
		{E2F30496-19D8-46A8-9BC0-26936FFE70D2}.MinSizeRel|x64.Build.0 = Debug|Any CPU
		{E2F30496-19D8-46A8-9BC0-26936FFE70D2}.Release|Any CPU.ActiveCfg = Release|Any CPU
		{E2F30496-19D8-46A8-9BC0-26936FFE70D2}.Release|Any CPU.Build.0 = Release|Any CPU
		{E2F30496-19D8-46A8-9BC0-26936FFE70D2}.Release|x64.ActiveCfg = Release|Any CPU
		{E2F30496-19D8-46A8-9BC0-26936FFE70D2}.Release|x64.Build.0 = Release|Any CPU
		{E2F30496-19D8-46A8-9BC0-26936FFE70D2}.RelWithDebInfo|Any CPU.ActiveCfg = Debug|Any CPU
		{E2F30496-19D8-46A8-9BC0-26936FFE70D2}.RelWithDebInfo|Any CPU.Build.0 = Debug|Any CPU
		{E2F30496-19D8-46A8-9BC0-26936FFE70D2}.RelWithDebInfo|x64.ActiveCfg = Debug|Any CPU
		{E2F30496-19D8-46A8-9BC0-26936FFE70D2}.RelWithDebInfo|x64.Build.0 = Debug|Any CPU
		{7256B986-6705-42FC-9F57-485D72D9DE51}.Debug|Any CPU.ActiveCfg = Debug|Any CPU
		{7256B986-6705-42FC-9F57-485D72D9DE51}.Debug|Any CPU.Build.0 = Debug|Any CPU
		{7256B986-6705-42FC-9F57-485D72D9DE51}.Debug|x64.ActiveCfg = Debug|Any CPU
		{7256B986-6705-42FC-9F57-485D72D9DE51}.Debug|x64.Build.0 = Debug|Any CPU
		{7256B986-6705-42FC-9F57-485D72D9DE51}.MinSizeRel|Any CPU.ActiveCfg = Debug|Any CPU
		{7256B986-6705-42FC-9F57-485D72D9DE51}.MinSizeRel|Any CPU.Build.0 = Debug|Any CPU
		{7256B986-6705-42FC-9F57-485D72D9DE51}.MinSizeRel|x64.ActiveCfg = Debug|Any CPU
		{7256B986-6705-42FC-9F57-485D72D9DE51}.MinSizeRel|x64.Build.0 = Debug|Any CPU
		{7256B986-6705-42FC-9F57-485D72D9DE51}.Release|Any CPU.ActiveCfg = Release|Any CPU
		{7256B986-6705-42FC-9F57-485D72D9DE51}.Release|Any CPU.Build.0 = Release|Any CPU
		{7256B986-6705-42FC-9F57-485D72D9DE51}.Release|x64.ActiveCfg = Release|Any CPU
		{7256B986-6705-42FC-9F57-485D72D9DE51}.Release|x64.Build.0 = Release|Any CPU
		{7256B986-6705-42FC-9F57-485D72D9DE51}.RelWithDebInfo|Any CPU.ActiveCfg = Release|Any CPU
		{7256B986-6705-42FC-9F57-485D72D9DE51}.RelWithDebInfo|Any CPU.Build.0 = Release|Any CPU
		{7256B986-6705-42FC-9F57-485D72D9DE51}.RelWithDebInfo|x64.ActiveCfg = Release|Any CPU
		{7256B986-6705-42FC-9F57-485D72D9DE51}.RelWithDebInfo|x64.Build.0 = Release|Any CPU
		{A85277B3-4E07-4E15-8F0C-07CC855A3BCB}.Debug|Any CPU.ActiveCfg = Debug|Any CPU
		{A85277B3-4E07-4E15-8F0C-07CC855A3BCB}.Debug|Any CPU.Build.0 = Debug|Any CPU
		{A85277B3-4E07-4E15-8F0C-07CC855A3BCB}.Debug|x64.ActiveCfg = Debug|Any CPU
		{A85277B3-4E07-4E15-8F0C-07CC855A3BCB}.Debug|x64.Build.0 = Debug|Any CPU
		{A85277B3-4E07-4E15-8F0C-07CC855A3BCB}.MinSizeRel|Any CPU.ActiveCfg = Debug|Any CPU
		{A85277B3-4E07-4E15-8F0C-07CC855A3BCB}.MinSizeRel|Any CPU.Build.0 = Debug|Any CPU
		{A85277B3-4E07-4E15-8F0C-07CC855A3BCB}.MinSizeRel|x64.ActiveCfg = Debug|Any CPU
		{A85277B3-4E07-4E15-8F0C-07CC855A3BCB}.MinSizeRel|x64.Build.0 = Debug|Any CPU
		{A85277B3-4E07-4E15-8F0C-07CC855A3BCB}.Release|Any CPU.ActiveCfg = Release|Any CPU
		{A85277B3-4E07-4E15-8F0C-07CC855A3BCB}.Release|Any CPU.Build.0 = Release|Any CPU
		{A85277B3-4E07-4E15-8F0C-07CC855A3BCB}.Release|x64.ActiveCfg = Release|Any CPU
		{A85277B3-4E07-4E15-8F0C-07CC855A3BCB}.Release|x64.Build.0 = Release|Any CPU
		{A85277B3-4E07-4E15-8F0C-07CC855A3BCB}.RelWithDebInfo|Any CPU.ActiveCfg = Release|Any CPU
		{A85277B3-4E07-4E15-8F0C-07CC855A3BCB}.RelWithDebInfo|Any CPU.Build.0 = Release|Any CPU
		{A85277B3-4E07-4E15-8F0C-07CC855A3BCB}.RelWithDebInfo|x64.ActiveCfg = Release|Any CPU
		{A85277B3-4E07-4E15-8F0C-07CC855A3BCB}.RelWithDebInfo|x64.Build.0 = Release|Any CPU
		{418E79F7-9FCF-4128-AA35-1334A685377D}.Debug|Any CPU.ActiveCfg = Debug|Any CPU
		{418E79F7-9FCF-4128-AA35-1334A685377D}.Debug|Any CPU.Build.0 = Debug|Any CPU
		{418E79F7-9FCF-4128-AA35-1334A685377D}.Debug|x64.ActiveCfg = Debug|Any CPU
		{418E79F7-9FCF-4128-AA35-1334A685377D}.Debug|x64.Build.0 = Debug|Any CPU
		{418E79F7-9FCF-4128-AA35-1334A685377D}.MinSizeRel|Any CPU.ActiveCfg = Debug|Any CPU
		{418E79F7-9FCF-4128-AA35-1334A685377D}.MinSizeRel|Any CPU.Build.0 = Debug|Any CPU
		{418E79F7-9FCF-4128-AA35-1334A685377D}.MinSizeRel|x64.ActiveCfg = Debug|Any CPU
		{418E79F7-9FCF-4128-AA35-1334A685377D}.MinSizeRel|x64.Build.0 = Debug|Any CPU
		{418E79F7-9FCF-4128-AA35-1334A685377D}.Release|Any CPU.ActiveCfg = Release|Any CPU
		{418E79F7-9FCF-4128-AA35-1334A685377D}.Release|Any CPU.Build.0 = Release|Any CPU
		{418E79F7-9FCF-4128-AA35-1334A685377D}.Release|x64.ActiveCfg = Release|Any CPU
		{418E79F7-9FCF-4128-AA35-1334A685377D}.Release|x64.Build.0 = Release|Any CPU
		{418E79F7-9FCF-4128-AA35-1334A685377D}.RelWithDebInfo|Any CPU.ActiveCfg = Debug|Any CPU
		{418E79F7-9FCF-4128-AA35-1334A685377D}.RelWithDebInfo|Any CPU.Build.0 = Debug|Any CPU
		{418E79F7-9FCF-4128-AA35-1334A685377D}.RelWithDebInfo|x64.ActiveCfg = Debug|Any CPU
		{418E79F7-9FCF-4128-AA35-1334A685377D}.RelWithDebInfo|x64.Build.0 = Debug|Any CPU
		{46278108-D247-4EFC-AC34-23D4A676F62F}.Debug|Any CPU.ActiveCfg = Debug|Any CPU
		{46278108-D247-4EFC-AC34-23D4A676F62F}.Debug|Any CPU.Build.0 = Debug|Any CPU
		{46278108-D247-4EFC-AC34-23D4A676F62F}.Debug|x64.ActiveCfg = Debug|Any CPU
		{46278108-D247-4EFC-AC34-23D4A676F62F}.Debug|x64.Build.0 = Debug|Any CPU
		{46278108-D247-4EFC-AC34-23D4A676F62F}.MinSizeRel|Any CPU.ActiveCfg = Debug|Any CPU
		{46278108-D247-4EFC-AC34-23D4A676F62F}.MinSizeRel|Any CPU.Build.0 = Debug|Any CPU
		{46278108-D247-4EFC-AC34-23D4A676F62F}.MinSizeRel|x64.ActiveCfg = Debug|Any CPU
		{46278108-D247-4EFC-AC34-23D4A676F62F}.MinSizeRel|x64.Build.0 = Debug|Any CPU
		{46278108-D247-4EFC-AC34-23D4A676F62F}.Release|Any CPU.ActiveCfg = Release|Any CPU
		{46278108-D247-4EFC-AC34-23D4A676F62F}.Release|Any CPU.Build.0 = Release|Any CPU
		{46278108-D247-4EFC-AC34-23D4A676F62F}.Release|x64.ActiveCfg = Release|Any CPU
		{46278108-D247-4EFC-AC34-23D4A676F62F}.Release|x64.Build.0 = Release|Any CPU
		{46278108-D247-4EFC-AC34-23D4A676F62F}.RelWithDebInfo|Any CPU.ActiveCfg = Release|Any CPU
		{46278108-D247-4EFC-AC34-23D4A676F62F}.RelWithDebInfo|Any CPU.Build.0 = Release|Any CPU
		{46278108-D247-4EFC-AC34-23D4A676F62F}.RelWithDebInfo|x64.ActiveCfg = Release|Any CPU
		{46278108-D247-4EFC-AC34-23D4A676F62F}.RelWithDebInfo|x64.Build.0 = Release|Any CPU
		{7F05FD87-A2FB-4915-A988-4EF92AB82179}.Debug|Any CPU.ActiveCfg = Debug|Any CPU
		{7F05FD87-A2FB-4915-A988-4EF92AB82179}.Debug|Any CPU.Build.0 = Debug|Any CPU
		{7F05FD87-A2FB-4915-A988-4EF92AB82179}.Debug|x64.ActiveCfg = Debug|Any CPU
		{7F05FD87-A2FB-4915-A988-4EF92AB82179}.Debug|x64.Build.0 = Debug|Any CPU
		{7F05FD87-A2FB-4915-A988-4EF92AB82179}.MinSizeRel|Any CPU.ActiveCfg = Debug|Any CPU
		{7F05FD87-A2FB-4915-A988-4EF92AB82179}.MinSizeRel|Any CPU.Build.0 = Debug|Any CPU
		{7F05FD87-A2FB-4915-A988-4EF92AB82179}.MinSizeRel|x64.ActiveCfg = Debug|Any CPU
		{7F05FD87-A2FB-4915-A988-4EF92AB82179}.MinSizeRel|x64.Build.0 = Debug|Any CPU
		{7F05FD87-A2FB-4915-A988-4EF92AB82179}.Release|Any CPU.ActiveCfg = Release|Any CPU
		{7F05FD87-A2FB-4915-A988-4EF92AB82179}.Release|Any CPU.Build.0 = Release|Any CPU
		{7F05FD87-A2FB-4915-A988-4EF92AB82179}.Release|x64.ActiveCfg = Release|Any CPU
		{7F05FD87-A2FB-4915-A988-4EF92AB82179}.Release|x64.Build.0 = Release|Any CPU
		{7F05FD87-A2FB-4915-A988-4EF92AB82179}.RelWithDebInfo|Any CPU.ActiveCfg = Release|Any CPU
		{7F05FD87-A2FB-4915-A988-4EF92AB82179}.RelWithDebInfo|Any CPU.Build.0 = Release|Any CPU
		{7F05FD87-A2FB-4915-A988-4EF92AB82179}.RelWithDebInfo|x64.ActiveCfg = Release|Any CPU
		{7F05FD87-A2FB-4915-A988-4EF92AB82179}.RelWithDebInfo|x64.Build.0 = Release|Any CPU
		{4858E5E3-23FA-4928-B99A-54065875A2B9}.Debug|Any CPU.ActiveCfg = Debug|Any CPU
		{4858E5E3-23FA-4928-B99A-54065875A2B9}.Debug|Any CPU.Build.0 = Debug|Any CPU
		{4858E5E3-23FA-4928-B99A-54065875A2B9}.Debug|x64.ActiveCfg = Debug|Any CPU
		{4858E5E3-23FA-4928-B99A-54065875A2B9}.Debug|x64.Build.0 = Debug|Any CPU
		{4858E5E3-23FA-4928-B99A-54065875A2B9}.MinSizeRel|Any CPU.ActiveCfg = Debug|Any CPU
		{4858E5E3-23FA-4928-B99A-54065875A2B9}.MinSizeRel|Any CPU.Build.0 = Debug|Any CPU
		{4858E5E3-23FA-4928-B99A-54065875A2B9}.MinSizeRel|x64.ActiveCfg = Debug|Any CPU
		{4858E5E3-23FA-4928-B99A-54065875A2B9}.MinSizeRel|x64.Build.0 = Debug|Any CPU
		{4858E5E3-23FA-4928-B99A-54065875A2B9}.Release|Any CPU.ActiveCfg = Release|Any CPU
		{4858E5E3-23FA-4928-B99A-54065875A2B9}.Release|Any CPU.Build.0 = Release|Any CPU
		{4858E5E3-23FA-4928-B99A-54065875A2B9}.Release|x64.ActiveCfg = Release|Any CPU
		{4858E5E3-23FA-4928-B99A-54065875A2B9}.Release|x64.Build.0 = Release|Any CPU
		{4858E5E3-23FA-4928-B99A-54065875A2B9}.RelWithDebInfo|Any CPU.ActiveCfg = Release|Any CPU
		{4858E5E3-23FA-4928-B99A-54065875A2B9}.RelWithDebInfo|Any CPU.Build.0 = Release|Any CPU
		{4858E5E3-23FA-4928-B99A-54065875A2B9}.RelWithDebInfo|x64.ActiveCfg = Release|Any CPU
		{4858E5E3-23FA-4928-B99A-54065875A2B9}.RelWithDebInfo|x64.Build.0 = Release|Any CPU
		{1448512E-132F-4DA8-BCBA-D98F16B31600}.Debug|Any CPU.ActiveCfg = Debug|Any CPU
		{1448512E-132F-4DA8-BCBA-D98F16B31600}.Debug|Any CPU.Build.0 = Debug|Any CPU
		{1448512E-132F-4DA8-BCBA-D98F16B31600}.Debug|x64.ActiveCfg = Debug|Any CPU
		{1448512E-132F-4DA8-BCBA-D98F16B31600}.Debug|x64.Build.0 = Debug|Any CPU
		{1448512E-132F-4DA8-BCBA-D98F16B31600}.MinSizeRel|Any CPU.ActiveCfg = Debug|Any CPU
		{1448512E-132F-4DA8-BCBA-D98F16B31600}.MinSizeRel|Any CPU.Build.0 = Debug|Any CPU
		{1448512E-132F-4DA8-BCBA-D98F16B31600}.MinSizeRel|x64.ActiveCfg = Debug|Any CPU
		{1448512E-132F-4DA8-BCBA-D98F16B31600}.MinSizeRel|x64.Build.0 = Debug|Any CPU
		{1448512E-132F-4DA8-BCBA-D98F16B31600}.Release|Any CPU.ActiveCfg = Release|Any CPU
		{1448512E-132F-4DA8-BCBA-D98F16B31600}.Release|Any CPU.Build.0 = Release|Any CPU
		{1448512E-132F-4DA8-BCBA-D98F16B31600}.Release|x64.ActiveCfg = Release|Any CPU
		{1448512E-132F-4DA8-BCBA-D98F16B31600}.Release|x64.Build.0 = Release|Any CPU
		{1448512E-132F-4DA8-BCBA-D98F16B31600}.RelWithDebInfo|Any CPU.ActiveCfg = Release|Any CPU
		{1448512E-132F-4DA8-BCBA-D98F16B31600}.RelWithDebInfo|Any CPU.Build.0 = Release|Any CPU
		{1448512E-132F-4DA8-BCBA-D98F16B31600}.RelWithDebInfo|x64.ActiveCfg = Release|Any CPU
		{1448512E-132F-4DA8-BCBA-D98F16B31600}.RelWithDebInfo|x64.Build.0 = Release|Any CPU
		{55833C6C-6E91-4413-9F77-96B3A09666B8}.Debug|Any CPU.ActiveCfg = Debug|Any CPU
		{55833C6C-6E91-4413-9F77-96B3A09666B8}.Debug|Any CPU.Build.0 = Debug|Any CPU
		{55833C6C-6E91-4413-9F77-96B3A09666B8}.Debug|x64.ActiveCfg = Debug|Any CPU
		{55833C6C-6E91-4413-9F77-96B3A09666B8}.Debug|x64.Build.0 = Debug|Any CPU
		{55833C6C-6E91-4413-9F77-96B3A09666B8}.MinSizeRel|Any CPU.ActiveCfg = Debug|Any CPU
		{55833C6C-6E91-4413-9F77-96B3A09666B8}.MinSizeRel|Any CPU.Build.0 = Debug|Any CPU
		{55833C6C-6E91-4413-9F77-96B3A09666B8}.MinSizeRel|x64.ActiveCfg = Debug|Any CPU
		{55833C6C-6E91-4413-9F77-96B3A09666B8}.MinSizeRel|x64.Build.0 = Debug|Any CPU
		{55833C6C-6E91-4413-9F77-96B3A09666B8}.Release|Any CPU.ActiveCfg = Release|Any CPU
		{55833C6C-6E91-4413-9F77-96B3A09666B8}.Release|Any CPU.Build.0 = Release|Any CPU
		{55833C6C-6E91-4413-9F77-96B3A09666B8}.Release|x64.ActiveCfg = Release|Any CPU
		{55833C6C-6E91-4413-9F77-96B3A09666B8}.Release|x64.Build.0 = Release|Any CPU
		{55833C6C-6E91-4413-9F77-96B3A09666B8}.RelWithDebInfo|Any CPU.ActiveCfg = Release|Any CPU
		{55833C6C-6E91-4413-9F77-96B3A09666B8}.RelWithDebInfo|Any CPU.Build.0 = Release|Any CPU
		{55833C6C-6E91-4413-9F77-96B3A09666B8}.RelWithDebInfo|x64.ActiveCfg = Release|Any CPU
		{55833C6C-6E91-4413-9F77-96B3A09666B8}.RelWithDebInfo|x64.Build.0 = Release|Any CPU
		{C015FF41-9A51-4AF0-AEFC-2547D596B10A}.Debug|Any CPU.ActiveCfg = Debug|Any CPU
		{C015FF41-9A51-4AF0-AEFC-2547D596B10A}.Debug|Any CPU.Build.0 = Debug|Any CPU
		{C015FF41-9A51-4AF0-AEFC-2547D596B10A}.Debug|x64.ActiveCfg = Debug|Any CPU
		{C015FF41-9A51-4AF0-AEFC-2547D596B10A}.Debug|x64.Build.0 = Debug|Any CPU
		{C015FF41-9A51-4AF0-AEFC-2547D596B10A}.MinSizeRel|Any CPU.ActiveCfg = Debug|Any CPU
		{C015FF41-9A51-4AF0-AEFC-2547D596B10A}.MinSizeRel|Any CPU.Build.0 = Debug|Any CPU
		{C015FF41-9A51-4AF0-AEFC-2547D596B10A}.MinSizeRel|x64.ActiveCfg = Debug|Any CPU
		{C015FF41-9A51-4AF0-AEFC-2547D596B10A}.MinSizeRel|x64.Build.0 = Debug|Any CPU
		{C015FF41-9A51-4AF0-AEFC-2547D596B10A}.Release|Any CPU.ActiveCfg = Release|Any CPU
		{C015FF41-9A51-4AF0-AEFC-2547D596B10A}.Release|Any CPU.Build.0 = Release|Any CPU
		{C015FF41-9A51-4AF0-AEFC-2547D596B10A}.Release|x64.ActiveCfg = Release|Any CPU
		{C015FF41-9A51-4AF0-AEFC-2547D596B10A}.Release|x64.Build.0 = Release|Any CPU
		{C015FF41-9A51-4AF0-AEFC-2547D596B10A}.RelWithDebInfo|Any CPU.ActiveCfg = Release|Any CPU
		{C015FF41-9A51-4AF0-AEFC-2547D596B10A}.RelWithDebInfo|Any CPU.Build.0 = Release|Any CPU
		{C015FF41-9A51-4AF0-AEFC-2547D596B10A}.RelWithDebInfo|x64.ActiveCfg = Release|Any CPU
		{C015FF41-9A51-4AF0-AEFC-2547D596B10A}.RelWithDebInfo|x64.Build.0 = Release|Any CPU
		{D292BF18-3956-4827-820E-254C3F81EF09}.Debug|Any CPU.ActiveCfg = Debug|Any CPU
		{D292BF18-3956-4827-820E-254C3F81EF09}.Debug|Any CPU.Build.0 = Debug|Any CPU
		{D292BF18-3956-4827-820E-254C3F81EF09}.Debug|x64.ActiveCfg = Debug|Any CPU
		{D292BF18-3956-4827-820E-254C3F81EF09}.Debug|x64.Build.0 = Debug|Any CPU
		{D292BF18-3956-4827-820E-254C3F81EF09}.MinSizeRel|Any CPU.ActiveCfg = Debug|Any CPU
		{D292BF18-3956-4827-820E-254C3F81EF09}.MinSizeRel|Any CPU.Build.0 = Debug|Any CPU
		{D292BF18-3956-4827-820E-254C3F81EF09}.MinSizeRel|x64.ActiveCfg = Debug|Any CPU
		{D292BF18-3956-4827-820E-254C3F81EF09}.MinSizeRel|x64.Build.0 = Debug|Any CPU
		{D292BF18-3956-4827-820E-254C3F81EF09}.Release|Any CPU.ActiveCfg = Release|Any CPU
		{D292BF18-3956-4827-820E-254C3F81EF09}.Release|Any CPU.Build.0 = Release|Any CPU
		{D292BF18-3956-4827-820E-254C3F81EF09}.Release|x64.ActiveCfg = Release|Any CPU
		{D292BF18-3956-4827-820E-254C3F81EF09}.Release|x64.Build.0 = Release|Any CPU
		{D292BF18-3956-4827-820E-254C3F81EF09}.RelWithDebInfo|Any CPU.ActiveCfg = Release|Any CPU
		{D292BF18-3956-4827-820E-254C3F81EF09}.RelWithDebInfo|Any CPU.Build.0 = Release|Any CPU
		{D292BF18-3956-4827-820E-254C3F81EF09}.RelWithDebInfo|x64.ActiveCfg = Release|Any CPU
		{D292BF18-3956-4827-820E-254C3F81EF09}.RelWithDebInfo|x64.Build.0 = Release|Any CPU
		{DB45AD73-4D91-43F3-85CC-C63614A96FB0}.Debug|Any CPU.ActiveCfg = Debug|Any CPU
		{DB45AD73-4D91-43F3-85CC-C63614A96FB0}.Debug|Any CPU.Build.0 = Debug|Any CPU
		{DB45AD73-4D91-43F3-85CC-C63614A96FB0}.Debug|x64.ActiveCfg = Debug|Any CPU
		{DB45AD73-4D91-43F3-85CC-C63614A96FB0}.Debug|x64.Build.0 = Debug|Any CPU
		{DB45AD73-4D91-43F3-85CC-C63614A96FB0}.MinSizeRel|Any CPU.ActiveCfg = Debug|Any CPU
		{DB45AD73-4D91-43F3-85CC-C63614A96FB0}.MinSizeRel|Any CPU.Build.0 = Debug|Any CPU
		{DB45AD73-4D91-43F3-85CC-C63614A96FB0}.MinSizeRel|x64.ActiveCfg = Debug|Any CPU
		{DB45AD73-4D91-43F3-85CC-C63614A96FB0}.MinSizeRel|x64.Build.0 = Debug|Any CPU
		{DB45AD73-4D91-43F3-85CC-C63614A96FB0}.Release|Any CPU.ActiveCfg = Release|Any CPU
		{DB45AD73-4D91-43F3-85CC-C63614A96FB0}.Release|Any CPU.Build.0 = Release|Any CPU
		{DB45AD73-4D91-43F3-85CC-C63614A96FB0}.Release|x64.ActiveCfg = Release|Any CPU
		{DB45AD73-4D91-43F3-85CC-C63614A96FB0}.Release|x64.Build.0 = Release|Any CPU
		{DB45AD73-4D91-43F3-85CC-C63614A96FB0}.RelWithDebInfo|Any CPU.ActiveCfg = Debug|Any CPU
		{DB45AD73-4D91-43F3-85CC-C63614A96FB0}.RelWithDebInfo|Any CPU.Build.0 = Debug|Any CPU
		{DB45AD73-4D91-43F3-85CC-C63614A96FB0}.RelWithDebInfo|x64.ActiveCfg = Debug|Any CPU
		{DB45AD73-4D91-43F3-85CC-C63614A96FB0}.RelWithDebInfo|x64.Build.0 = Debug|Any CPU
		{AF6CD304-8E03-433D-AAA2-6E0094B53071}.Debug|Any CPU.ActiveCfg = Debug|Any CPU
		{AF6CD304-8E03-433D-AAA2-6E0094B53071}.Debug|Any CPU.Build.0 = Debug|Any CPU
		{AF6CD304-8E03-433D-AAA2-6E0094B53071}.Debug|x64.ActiveCfg = Debug|Any CPU
		{AF6CD304-8E03-433D-AAA2-6E0094B53071}.Debug|x64.Build.0 = Debug|Any CPU
		{AF6CD304-8E03-433D-AAA2-6E0094B53071}.MinSizeRel|Any CPU.ActiveCfg = Debug|Any CPU
		{AF6CD304-8E03-433D-AAA2-6E0094B53071}.MinSizeRel|Any CPU.Build.0 = Debug|Any CPU
		{AF6CD304-8E03-433D-AAA2-6E0094B53071}.MinSizeRel|x64.ActiveCfg = Debug|Any CPU
		{AF6CD304-8E03-433D-AAA2-6E0094B53071}.MinSizeRel|x64.Build.0 = Debug|Any CPU
		{AF6CD304-8E03-433D-AAA2-6E0094B53071}.Release|Any CPU.ActiveCfg = Release|Any CPU
		{AF6CD304-8E03-433D-AAA2-6E0094B53071}.Release|Any CPU.Build.0 = Release|Any CPU
		{AF6CD304-8E03-433D-AAA2-6E0094B53071}.Release|x64.ActiveCfg = Release|Any CPU
		{AF6CD304-8E03-433D-AAA2-6E0094B53071}.Release|x64.Build.0 = Release|Any CPU
		{AF6CD304-8E03-433D-AAA2-6E0094B53071}.RelWithDebInfo|Any CPU.ActiveCfg = Debug|Any CPU
		{AF6CD304-8E03-433D-AAA2-6E0094B53071}.RelWithDebInfo|Any CPU.Build.0 = Debug|Any CPU
		{AF6CD304-8E03-433D-AAA2-6E0094B53071}.RelWithDebInfo|x64.ActiveCfg = Debug|Any CPU
		{AF6CD304-8E03-433D-AAA2-6E0094B53071}.RelWithDebInfo|x64.Build.0 = Debug|Any CPU
		{ED3D7040-4B3F-4217-A75E-9DF63DD84707}.Debug|Any CPU.ActiveCfg = Debug|Any CPU
		{ED3D7040-4B3F-4217-A75E-9DF63DD84707}.Debug|Any CPU.Build.0 = Debug|Any CPU
		{ED3D7040-4B3F-4217-A75E-9DF63DD84707}.Debug|x64.ActiveCfg = Debug|Any CPU
		{ED3D7040-4B3F-4217-A75E-9DF63DD84707}.Debug|x64.Build.0 = Debug|Any CPU
		{ED3D7040-4B3F-4217-A75E-9DF63DD84707}.MinSizeRel|Any CPU.ActiveCfg = Debug|Any CPU
		{ED3D7040-4B3F-4217-A75E-9DF63DD84707}.MinSizeRel|Any CPU.Build.0 = Debug|Any CPU
		{ED3D7040-4B3F-4217-A75E-9DF63DD84707}.MinSizeRel|x64.ActiveCfg = Debug|Any CPU
		{ED3D7040-4B3F-4217-A75E-9DF63DD84707}.MinSizeRel|x64.Build.0 = Debug|Any CPU
		{ED3D7040-4B3F-4217-A75E-9DF63DD84707}.Release|Any CPU.ActiveCfg = Release|Any CPU
		{ED3D7040-4B3F-4217-A75E-9DF63DD84707}.Release|Any CPU.Build.0 = Release|Any CPU
		{ED3D7040-4B3F-4217-A75E-9DF63DD84707}.Release|x64.ActiveCfg = Release|Any CPU
		{ED3D7040-4B3F-4217-A75E-9DF63DD84707}.Release|x64.Build.0 = Release|Any CPU
		{ED3D7040-4B3F-4217-A75E-9DF63DD84707}.RelWithDebInfo|Any CPU.ActiveCfg = Debug|Any CPU
		{ED3D7040-4B3F-4217-A75E-9DF63DD84707}.RelWithDebInfo|Any CPU.Build.0 = Debug|Any CPU
		{ED3D7040-4B3F-4217-A75E-9DF63DD84707}.RelWithDebInfo|x64.ActiveCfg = Debug|Any CPU
		{ED3D7040-4B3F-4217-A75E-9DF63DD84707}.RelWithDebInfo|x64.Build.0 = Debug|Any CPU
		{4EF958CA-B4A6-4E5F-924A-100B5615BEC3}.Debug|Any CPU.ActiveCfg = Debug|Any CPU
		{4EF958CA-B4A6-4E5F-924A-100B5615BEC3}.Debug|Any CPU.Build.0 = Debug|Any CPU
		{4EF958CA-B4A6-4E5F-924A-100B5615BEC3}.Debug|x64.ActiveCfg = Debug|Any CPU
		{4EF958CA-B4A6-4E5F-924A-100B5615BEC3}.Debug|x64.Build.0 = Debug|Any CPU
		{4EF958CA-B4A6-4E5F-924A-100B5615BEC3}.MinSizeRel|Any CPU.ActiveCfg = Debug|Any CPU
		{4EF958CA-B4A6-4E5F-924A-100B5615BEC3}.MinSizeRel|Any CPU.Build.0 = Debug|Any CPU
		{4EF958CA-B4A6-4E5F-924A-100B5615BEC3}.MinSizeRel|x64.ActiveCfg = Debug|Any CPU
		{4EF958CA-B4A6-4E5F-924A-100B5615BEC3}.MinSizeRel|x64.Build.0 = Debug|Any CPU
		{4EF958CA-B4A6-4E5F-924A-100B5615BEC3}.Release|Any CPU.ActiveCfg = Release|Any CPU
		{4EF958CA-B4A6-4E5F-924A-100B5615BEC3}.Release|Any CPU.Build.0 = Release|Any CPU
		{4EF958CA-B4A6-4E5F-924A-100B5615BEC3}.Release|x64.ActiveCfg = Release|Any CPU
		{4EF958CA-B4A6-4E5F-924A-100B5615BEC3}.Release|x64.Build.0 = Release|Any CPU
		{4EF958CA-B4A6-4E5F-924A-100B5615BEC3}.RelWithDebInfo|Any CPU.ActiveCfg = Debug|Any CPU
		{4EF958CA-B4A6-4E5F-924A-100B5615BEC3}.RelWithDebInfo|Any CPU.Build.0 = Debug|Any CPU
		{4EF958CA-B4A6-4E5F-924A-100B5615BEC3}.RelWithDebInfo|x64.ActiveCfg = Debug|Any CPU
		{4EF958CA-B4A6-4E5F-924A-100B5615BEC3}.RelWithDebInfo|x64.Build.0 = Debug|Any CPU
		{EB6E3DBD-C884-4241-9BC4-8281191D1F53}.Debug|Any CPU.ActiveCfg = Debug|Any CPU
		{EB6E3DBD-C884-4241-9BC4-8281191D1F53}.Debug|Any CPU.Build.0 = Debug|Any CPU
		{EB6E3DBD-C884-4241-9BC4-8281191D1F53}.Debug|x64.ActiveCfg = Debug|Any CPU
		{EB6E3DBD-C884-4241-9BC4-8281191D1F53}.Debug|x64.Build.0 = Debug|Any CPU
		{EB6E3DBD-C884-4241-9BC4-8281191D1F53}.MinSizeRel|Any CPU.ActiveCfg = Debug|Any CPU
		{EB6E3DBD-C884-4241-9BC4-8281191D1F53}.MinSizeRel|Any CPU.Build.0 = Debug|Any CPU
		{EB6E3DBD-C884-4241-9BC4-8281191D1F53}.MinSizeRel|x64.ActiveCfg = Debug|Any CPU
		{EB6E3DBD-C884-4241-9BC4-8281191D1F53}.MinSizeRel|x64.Build.0 = Debug|Any CPU
		{EB6E3DBD-C884-4241-9BC4-8281191D1F53}.Release|Any CPU.ActiveCfg = Release|Any CPU
		{EB6E3DBD-C884-4241-9BC4-8281191D1F53}.Release|Any CPU.Build.0 = Release|Any CPU
		{EB6E3DBD-C884-4241-9BC4-8281191D1F53}.Release|x64.ActiveCfg = Release|Any CPU
		{EB6E3DBD-C884-4241-9BC4-8281191D1F53}.Release|x64.Build.0 = Release|Any CPU
		{EB6E3DBD-C884-4241-9BC4-8281191D1F53}.RelWithDebInfo|Any CPU.ActiveCfg = Debug|Any CPU
		{EB6E3DBD-C884-4241-9BC4-8281191D1F53}.RelWithDebInfo|Any CPU.Build.0 = Debug|Any CPU
		{EB6E3DBD-C884-4241-9BC4-8281191D1F53}.RelWithDebInfo|x64.ActiveCfg = Debug|Any CPU
		{EB6E3DBD-C884-4241-9BC4-8281191D1F53}.RelWithDebInfo|x64.Build.0 = Debug|Any CPU
		{E1A463D7-2E23-4134-BE04-1EFF7A546813}.Debug|Any CPU.ActiveCfg = Debug|Any CPU
		{E1A463D7-2E23-4134-BE04-1EFF7A546813}.Debug|Any CPU.Build.0 = Debug|Any CPU
		{E1A463D7-2E23-4134-BE04-1EFF7A546813}.Debug|x64.ActiveCfg = Debug|Any CPU
		{E1A463D7-2E23-4134-BE04-1EFF7A546813}.Debug|x64.Build.0 = Debug|Any CPU
		{E1A463D7-2E23-4134-BE04-1EFF7A546813}.MinSizeRel|Any CPU.ActiveCfg = Debug|Any CPU
		{E1A463D7-2E23-4134-BE04-1EFF7A546813}.MinSizeRel|Any CPU.Build.0 = Debug|Any CPU
		{E1A463D7-2E23-4134-BE04-1EFF7A546813}.MinSizeRel|x64.ActiveCfg = Debug|Any CPU
		{E1A463D7-2E23-4134-BE04-1EFF7A546813}.MinSizeRel|x64.Build.0 = Debug|Any CPU
		{E1A463D7-2E23-4134-BE04-1EFF7A546813}.Release|Any CPU.ActiveCfg = Release|Any CPU
		{E1A463D7-2E23-4134-BE04-1EFF7A546813}.Release|Any CPU.Build.0 = Release|Any CPU
		{E1A463D7-2E23-4134-BE04-1EFF7A546813}.Release|x64.ActiveCfg = Release|Any CPU
		{E1A463D7-2E23-4134-BE04-1EFF7A546813}.Release|x64.Build.0 = Release|Any CPU
		{E1A463D7-2E23-4134-BE04-1EFF7A546813}.RelWithDebInfo|Any CPU.ActiveCfg = Debug|Any CPU
		{E1A463D7-2E23-4134-BE04-1EFF7A546813}.RelWithDebInfo|Any CPU.Build.0 = Debug|Any CPU
		{E1A463D7-2E23-4134-BE04-1EFF7A546813}.RelWithDebInfo|x64.ActiveCfg = Debug|Any CPU
		{E1A463D7-2E23-4134-BE04-1EFF7A546813}.RelWithDebInfo|x64.Build.0 = Debug|Any CPU
		{789C86D9-CE77-40DA-BDDD-979436952512}.Debug|Any CPU.ActiveCfg = Debug|Any CPU
		{789C86D9-CE77-40DA-BDDD-979436952512}.Debug|Any CPU.Build.0 = Debug|Any CPU
		{789C86D9-CE77-40DA-BDDD-979436952512}.Debug|x64.ActiveCfg = Debug|Any CPU
		{789C86D9-CE77-40DA-BDDD-979436952512}.Debug|x64.Build.0 = Debug|Any CPU
		{789C86D9-CE77-40DA-BDDD-979436952512}.MinSizeRel|Any CPU.ActiveCfg = Debug|Any CPU
		{789C86D9-CE77-40DA-BDDD-979436952512}.MinSizeRel|Any CPU.Build.0 = Debug|Any CPU
		{789C86D9-CE77-40DA-BDDD-979436952512}.MinSizeRel|x64.ActiveCfg = Debug|Any CPU
		{789C86D9-CE77-40DA-BDDD-979436952512}.MinSizeRel|x64.Build.0 = Debug|Any CPU
		{789C86D9-CE77-40DA-BDDD-979436952512}.Release|Any CPU.ActiveCfg = Release|Any CPU
		{789C86D9-CE77-40DA-BDDD-979436952512}.Release|Any CPU.Build.0 = Release|Any CPU
		{789C86D9-CE77-40DA-BDDD-979436952512}.Release|x64.ActiveCfg = Release|Any CPU
		{789C86D9-CE77-40DA-BDDD-979436952512}.Release|x64.Build.0 = Release|Any CPU
		{789C86D9-CE77-40DA-BDDD-979436952512}.RelWithDebInfo|Any CPU.ActiveCfg = Debug|Any CPU
		{789C86D9-CE77-40DA-BDDD-979436952512}.RelWithDebInfo|Any CPU.Build.0 = Debug|Any CPU
		{789C86D9-CE77-40DA-BDDD-979436952512}.RelWithDebInfo|x64.ActiveCfg = Debug|Any CPU
		{789C86D9-CE77-40DA-BDDD-979436952512}.RelWithDebInfo|x64.Build.0 = Debug|Any CPU
		{7E24885B-D86D-477E-A840-06FA53C33FE1}.Debug|Any CPU.ActiveCfg = Debug|Any CPU
		{7E24885B-D86D-477E-A840-06FA53C33FE1}.Debug|Any CPU.Build.0 = Debug|Any CPU
		{7E24885B-D86D-477E-A840-06FA53C33FE1}.Debug|x64.ActiveCfg = Debug|Any CPU
		{7E24885B-D86D-477E-A840-06FA53C33FE1}.Debug|x64.Build.0 = Debug|Any CPU
		{7E24885B-D86D-477E-A840-06FA53C33FE1}.MinSizeRel|Any CPU.ActiveCfg = Debug|Any CPU
		{7E24885B-D86D-477E-A840-06FA53C33FE1}.MinSizeRel|Any CPU.Build.0 = Debug|Any CPU
		{7E24885B-D86D-477E-A840-06FA53C33FE1}.MinSizeRel|x64.ActiveCfg = Debug|Any CPU
		{7E24885B-D86D-477E-A840-06FA53C33FE1}.MinSizeRel|x64.Build.0 = Debug|Any CPU
		{7E24885B-D86D-477E-A840-06FA53C33FE1}.Release|Any CPU.ActiveCfg = Release|Any CPU
		{7E24885B-D86D-477E-A840-06FA53C33FE1}.Release|Any CPU.Build.0 = Release|Any CPU
		{7E24885B-D86D-477E-A840-06FA53C33FE1}.Release|x64.ActiveCfg = Release|Any CPU
		{7E24885B-D86D-477E-A840-06FA53C33FE1}.Release|x64.Build.0 = Release|Any CPU
		{7E24885B-D86D-477E-A840-06FA53C33FE1}.RelWithDebInfo|Any CPU.ActiveCfg = Debug|Any CPU
		{7E24885B-D86D-477E-A840-06FA53C33FE1}.RelWithDebInfo|Any CPU.Build.0 = Debug|Any CPU
		{7E24885B-D86D-477E-A840-06FA53C33FE1}.RelWithDebInfo|x64.ActiveCfg = Debug|Any CPU
		{7E24885B-D86D-477E-A840-06FA53C33FE1}.RelWithDebInfo|x64.Build.0 = Debug|Any CPU
		{7F80466B-A6B5-4EF1-A9E9-22ABAE3C20C1}.Debug|Any CPU.ActiveCfg = Debug|Any CPU
		{7F80466B-A6B5-4EF1-A9E9-22ABAE3C20C1}.Debug|Any CPU.Build.0 = Debug|Any CPU
		{7F80466B-A6B5-4EF1-A9E9-22ABAE3C20C1}.Debug|x64.ActiveCfg = Debug|Any CPU
		{7F80466B-A6B5-4EF1-A9E9-22ABAE3C20C1}.Debug|x64.Build.0 = Debug|Any CPU
		{7F80466B-A6B5-4EF1-A9E9-22ABAE3C20C1}.MinSizeRel|Any CPU.ActiveCfg = Debug|Any CPU
		{7F80466B-A6B5-4EF1-A9E9-22ABAE3C20C1}.MinSizeRel|Any CPU.Build.0 = Debug|Any CPU
		{7F80466B-A6B5-4EF1-A9E9-22ABAE3C20C1}.MinSizeRel|x64.ActiveCfg = Debug|Any CPU
		{7F80466B-A6B5-4EF1-A9E9-22ABAE3C20C1}.MinSizeRel|x64.Build.0 = Debug|Any CPU
		{7F80466B-A6B5-4EF1-A9E9-22ABAE3C20C1}.Release|Any CPU.ActiveCfg = Release|Any CPU
		{7F80466B-A6B5-4EF1-A9E9-22ABAE3C20C1}.Release|Any CPU.Build.0 = Release|Any CPU
		{7F80466B-A6B5-4EF1-A9E9-22ABAE3C20C1}.Release|x64.ActiveCfg = Release|Any CPU
		{7F80466B-A6B5-4EF1-A9E9-22ABAE3C20C1}.Release|x64.Build.0 = Release|Any CPU
		{7F80466B-A6B5-4EF1-A9E9-22ABAE3C20C1}.RelWithDebInfo|Any CPU.ActiveCfg = Debug|Any CPU
		{7F80466B-A6B5-4EF1-A9E9-22ABAE3C20C1}.RelWithDebInfo|Any CPU.Build.0 = Debug|Any CPU
		{7F80466B-A6B5-4EF1-A9E9-22ABAE3C20C1}.RelWithDebInfo|x64.ActiveCfg = Debug|Any CPU
		{7F80466B-A6B5-4EF1-A9E9-22ABAE3C20C1}.RelWithDebInfo|x64.Build.0 = Debug|Any CPU
		{C7531119-9730-497A-9D11-8BBB3761B726}.Debug|Any CPU.ActiveCfg = Debug|Any CPU
		{C7531119-9730-497A-9D11-8BBB3761B726}.Debug|Any CPU.Build.0 = Debug|Any CPU
		{C7531119-9730-497A-9D11-8BBB3761B726}.Debug|x64.ActiveCfg = Debug|Any CPU
		{C7531119-9730-497A-9D11-8BBB3761B726}.Debug|x64.Build.0 = Debug|Any CPU
		{C7531119-9730-497A-9D11-8BBB3761B726}.MinSizeRel|Any CPU.ActiveCfg = Debug|Any CPU
		{C7531119-9730-497A-9D11-8BBB3761B726}.MinSizeRel|Any CPU.Build.0 = Debug|Any CPU
		{C7531119-9730-497A-9D11-8BBB3761B726}.MinSizeRel|x64.ActiveCfg = Debug|Any CPU
		{C7531119-9730-497A-9D11-8BBB3761B726}.MinSizeRel|x64.Build.0 = Debug|Any CPU
		{C7531119-9730-497A-9D11-8BBB3761B726}.Release|Any CPU.ActiveCfg = Release|Any CPU
		{C7531119-9730-497A-9D11-8BBB3761B726}.Release|Any CPU.Build.0 = Release|Any CPU
		{C7531119-9730-497A-9D11-8BBB3761B726}.Release|x64.ActiveCfg = Release|Any CPU
		{C7531119-9730-497A-9D11-8BBB3761B726}.Release|x64.Build.0 = Release|Any CPU
		{C7531119-9730-497A-9D11-8BBB3761B726}.RelWithDebInfo|Any CPU.ActiveCfg = Debug|Any CPU
		{C7531119-9730-497A-9D11-8BBB3761B726}.RelWithDebInfo|Any CPU.Build.0 = Debug|Any CPU
		{C7531119-9730-497A-9D11-8BBB3761B726}.RelWithDebInfo|x64.ActiveCfg = Debug|Any CPU
		{C7531119-9730-497A-9D11-8BBB3761B726}.RelWithDebInfo|x64.Build.0 = Debug|Any CPU
		{5DBF6402-D9CD-4470-A309-3755CFDA42CF}.Debug|Any CPU.ActiveCfg = Debug|Any CPU
		{5DBF6402-D9CD-4470-A309-3755CFDA42CF}.Debug|Any CPU.Build.0 = Debug|Any CPU
		{5DBF6402-D9CD-4470-A309-3755CFDA42CF}.Debug|x64.ActiveCfg = Debug|Any CPU
		{5DBF6402-D9CD-4470-A309-3755CFDA42CF}.Debug|x64.Build.0 = Debug|Any CPU
		{5DBF6402-D9CD-4470-A309-3755CFDA42CF}.MinSizeRel|Any CPU.ActiveCfg = Debug|Any CPU
		{5DBF6402-D9CD-4470-A309-3755CFDA42CF}.MinSizeRel|Any CPU.Build.0 = Debug|Any CPU
		{5DBF6402-D9CD-4470-A309-3755CFDA42CF}.MinSizeRel|x64.ActiveCfg = Debug|Any CPU
		{5DBF6402-D9CD-4470-A309-3755CFDA42CF}.MinSizeRel|x64.Build.0 = Debug|Any CPU
		{5DBF6402-D9CD-4470-A309-3755CFDA42CF}.Release|Any CPU.ActiveCfg = Release|Any CPU
		{5DBF6402-D9CD-4470-A309-3755CFDA42CF}.Release|Any CPU.Build.0 = Release|Any CPU
		{5DBF6402-D9CD-4470-A309-3755CFDA42CF}.Release|x64.ActiveCfg = Release|Any CPU
		{5DBF6402-D9CD-4470-A309-3755CFDA42CF}.Release|x64.Build.0 = Release|Any CPU
		{5DBF6402-D9CD-4470-A309-3755CFDA42CF}.RelWithDebInfo|Any CPU.ActiveCfg = Debug|Any CPU
		{5DBF6402-D9CD-4470-A309-3755CFDA42CF}.RelWithDebInfo|Any CPU.Build.0 = Debug|Any CPU
		{5DBF6402-D9CD-4470-A309-3755CFDA42CF}.RelWithDebInfo|x64.ActiveCfg = Debug|Any CPU
		{5DBF6402-D9CD-4470-A309-3755CFDA42CF}.RelWithDebInfo|x64.Build.0 = Debug|Any CPU
		{33ED37AB-61B1-4A49-9952-58D19AA8EF30}.Debug|Any CPU.ActiveCfg = Debug|Any CPU
		{33ED37AB-61B1-4A49-9952-58D19AA8EF30}.Debug|Any CPU.Build.0 = Debug|Any CPU
		{33ED37AB-61B1-4A49-9952-58D19AA8EF30}.Debug|x64.ActiveCfg = Debug|Any CPU
		{33ED37AB-61B1-4A49-9952-58D19AA8EF30}.Debug|x64.Build.0 = Debug|Any CPU
		{33ED37AB-61B1-4A49-9952-58D19AA8EF30}.MinSizeRel|Any CPU.ActiveCfg = Debug|Any CPU
		{33ED37AB-61B1-4A49-9952-58D19AA8EF30}.MinSizeRel|Any CPU.Build.0 = Debug|Any CPU
		{33ED37AB-61B1-4A49-9952-58D19AA8EF30}.MinSizeRel|x64.ActiveCfg = Debug|Any CPU
		{33ED37AB-61B1-4A49-9952-58D19AA8EF30}.MinSizeRel|x64.Build.0 = Debug|Any CPU
		{33ED37AB-61B1-4A49-9952-58D19AA8EF30}.Release|Any CPU.ActiveCfg = Release|Any CPU
		{33ED37AB-61B1-4A49-9952-58D19AA8EF30}.Release|Any CPU.Build.0 = Release|Any CPU
		{33ED37AB-61B1-4A49-9952-58D19AA8EF30}.Release|x64.ActiveCfg = Release|Any CPU
		{33ED37AB-61B1-4A49-9952-58D19AA8EF30}.Release|x64.Build.0 = Release|Any CPU
		{33ED37AB-61B1-4A49-9952-58D19AA8EF30}.RelWithDebInfo|Any CPU.ActiveCfg = Debug|Any CPU
		{33ED37AB-61B1-4A49-9952-58D19AA8EF30}.RelWithDebInfo|Any CPU.Build.0 = Debug|Any CPU
		{33ED37AB-61B1-4A49-9952-58D19AA8EF30}.RelWithDebInfo|x64.ActiveCfg = Debug|Any CPU
		{33ED37AB-61B1-4A49-9952-58D19AA8EF30}.RelWithDebInfo|x64.Build.0 = Debug|Any CPU
		{002174F4-BFA8-4675-908D-0E9C32ED951A}.Debug|Any CPU.ActiveCfg = Debug|Any CPU
		{002174F4-BFA8-4675-908D-0E9C32ED951A}.Debug|Any CPU.Build.0 = Debug|Any CPU
		{002174F4-BFA8-4675-908D-0E9C32ED951A}.Debug|x64.ActiveCfg = Debug|Any CPU
		{002174F4-BFA8-4675-908D-0E9C32ED951A}.Debug|x64.Build.0 = Debug|Any CPU
		{002174F4-BFA8-4675-908D-0E9C32ED951A}.MinSizeRel|Any CPU.ActiveCfg = Debug|Any CPU
		{002174F4-BFA8-4675-908D-0E9C32ED951A}.MinSizeRel|Any CPU.Build.0 = Debug|Any CPU
		{002174F4-BFA8-4675-908D-0E9C32ED951A}.MinSizeRel|x64.ActiveCfg = Debug|Any CPU
		{002174F4-BFA8-4675-908D-0E9C32ED951A}.MinSizeRel|x64.Build.0 = Debug|Any CPU
		{002174F4-BFA8-4675-908D-0E9C32ED951A}.Release|Any CPU.ActiveCfg = Release|Any CPU
		{002174F4-BFA8-4675-908D-0E9C32ED951A}.Release|Any CPU.Build.0 = Release|Any CPU
		{002174F4-BFA8-4675-908D-0E9C32ED951A}.Release|x64.ActiveCfg = Release|Any CPU
		{002174F4-BFA8-4675-908D-0E9C32ED951A}.Release|x64.Build.0 = Release|Any CPU
		{002174F4-BFA8-4675-908D-0E9C32ED951A}.RelWithDebInfo|Any CPU.ActiveCfg = Debug|Any CPU
		{002174F4-BFA8-4675-908D-0E9C32ED951A}.RelWithDebInfo|Any CPU.Build.0 = Debug|Any CPU
		{002174F4-BFA8-4675-908D-0E9C32ED951A}.RelWithDebInfo|x64.ActiveCfg = Debug|Any CPU
		{002174F4-BFA8-4675-908D-0E9C32ED951A}.RelWithDebInfo|x64.Build.0 = Debug|Any CPU
		{D7D34736-A719-4B45-A33F-2723F59EC29D}.Debug|Any CPU.ActiveCfg = Debug|Any CPU
		{D7D34736-A719-4B45-A33F-2723F59EC29D}.Debug|Any CPU.Build.0 = Debug|Any CPU
		{D7D34736-A719-4B45-A33F-2723F59EC29D}.Debug|x64.ActiveCfg = Debug|Any CPU
		{D7D34736-A719-4B45-A33F-2723F59EC29D}.Debug|x64.Build.0 = Debug|Any CPU
		{D7D34736-A719-4B45-A33F-2723F59EC29D}.MinSizeRel|Any CPU.ActiveCfg = Debug|Any CPU
		{D7D34736-A719-4B45-A33F-2723F59EC29D}.MinSizeRel|Any CPU.Build.0 = Debug|Any CPU
		{D7D34736-A719-4B45-A33F-2723F59EC29D}.MinSizeRel|x64.ActiveCfg = Debug|Any CPU
		{D7D34736-A719-4B45-A33F-2723F59EC29D}.MinSizeRel|x64.Build.0 = Debug|Any CPU
		{D7D34736-A719-4B45-A33F-2723F59EC29D}.Release|Any CPU.ActiveCfg = Release|Any CPU
		{D7D34736-A719-4B45-A33F-2723F59EC29D}.Release|Any CPU.Build.0 = Release|Any CPU
		{D7D34736-A719-4B45-A33F-2723F59EC29D}.Release|x64.ActiveCfg = Release|Any CPU
		{D7D34736-A719-4B45-A33F-2723F59EC29D}.Release|x64.Build.0 = Release|Any CPU
		{D7D34736-A719-4B45-A33F-2723F59EC29D}.RelWithDebInfo|Any CPU.ActiveCfg = Debug|Any CPU
		{D7D34736-A719-4B45-A33F-2723F59EC29D}.RelWithDebInfo|Any CPU.Build.0 = Debug|Any CPU
		{D7D34736-A719-4B45-A33F-2723F59EC29D}.RelWithDebInfo|x64.ActiveCfg = Debug|Any CPU
		{D7D34736-A719-4B45-A33F-2723F59EC29D}.RelWithDebInfo|x64.Build.0 = Debug|Any CPU
		{C60226E3-98DE-4E92-AED4-B4A93D4CA063}.Debug|Any CPU.ActiveCfg = Debug|Any CPU
		{C60226E3-98DE-4E92-AED4-B4A93D4CA063}.Debug|Any CPU.Build.0 = Debug|Any CPU
		{C60226E3-98DE-4E92-AED4-B4A93D4CA063}.Debug|x64.ActiveCfg = Debug|Any CPU
		{C60226E3-98DE-4E92-AED4-B4A93D4CA063}.Debug|x64.Build.0 = Debug|Any CPU
		{C60226E3-98DE-4E92-AED4-B4A93D4CA063}.MinSizeRel|Any CPU.ActiveCfg = Debug|Any CPU
		{C60226E3-98DE-4E92-AED4-B4A93D4CA063}.MinSizeRel|Any CPU.Build.0 = Debug|Any CPU
		{C60226E3-98DE-4E92-AED4-B4A93D4CA063}.MinSizeRel|x64.ActiveCfg = Debug|Any CPU
		{C60226E3-98DE-4E92-AED4-B4A93D4CA063}.MinSizeRel|x64.Build.0 = Debug|Any CPU
		{C60226E3-98DE-4E92-AED4-B4A93D4CA063}.Release|Any CPU.ActiveCfg = Release|Any CPU
		{C60226E3-98DE-4E92-AED4-B4A93D4CA063}.Release|Any CPU.Build.0 = Release|Any CPU
		{C60226E3-98DE-4E92-AED4-B4A93D4CA063}.Release|x64.ActiveCfg = Release|Any CPU
		{C60226E3-98DE-4E92-AED4-B4A93D4CA063}.Release|x64.Build.0 = Release|Any CPU
		{C60226E3-98DE-4E92-AED4-B4A93D4CA063}.RelWithDebInfo|Any CPU.ActiveCfg = Release|Any CPU
		{C60226E3-98DE-4E92-AED4-B4A93D4CA063}.RelWithDebInfo|Any CPU.Build.0 = Release|Any CPU
		{C60226E3-98DE-4E92-AED4-B4A93D4CA063}.RelWithDebInfo|x64.ActiveCfg = Release|Any CPU
		{C60226E3-98DE-4E92-AED4-B4A93D4CA063}.RelWithDebInfo|x64.Build.0 = Release|Any CPU
		{4794FC80-4594-403F-AFEC-4889EFE87EA0}.Debug|Any CPU.ActiveCfg = Debug|Any CPU
		{4794FC80-4594-403F-AFEC-4889EFE87EA0}.Debug|Any CPU.Build.0 = Debug|Any CPU
		{4794FC80-4594-403F-AFEC-4889EFE87EA0}.Debug|x64.ActiveCfg = Debug|Any CPU
		{4794FC80-4594-403F-AFEC-4889EFE87EA0}.Debug|x64.Build.0 = Debug|Any CPU
		{4794FC80-4594-403F-AFEC-4889EFE87EA0}.MinSizeRel|Any CPU.ActiveCfg = Debug|Any CPU
		{4794FC80-4594-403F-AFEC-4889EFE87EA0}.MinSizeRel|Any CPU.Build.0 = Debug|Any CPU
		{4794FC80-4594-403F-AFEC-4889EFE87EA0}.MinSizeRel|x64.ActiveCfg = Debug|Any CPU
		{4794FC80-4594-403F-AFEC-4889EFE87EA0}.MinSizeRel|x64.Build.0 = Debug|Any CPU
		{4794FC80-4594-403F-AFEC-4889EFE87EA0}.Release|Any CPU.ActiveCfg = Release|Any CPU
		{4794FC80-4594-403F-AFEC-4889EFE87EA0}.Release|Any CPU.Build.0 = Release|Any CPU
		{4794FC80-4594-403F-AFEC-4889EFE87EA0}.Release|x64.ActiveCfg = Release|Any CPU
		{4794FC80-4594-403F-AFEC-4889EFE87EA0}.Release|x64.Build.0 = Release|Any CPU
		{4794FC80-4594-403F-AFEC-4889EFE87EA0}.RelWithDebInfo|Any CPU.ActiveCfg = Release|Any CPU
		{4794FC80-4594-403F-AFEC-4889EFE87EA0}.RelWithDebInfo|Any CPU.Build.0 = Release|Any CPU
		{4794FC80-4594-403F-AFEC-4889EFE87EA0}.RelWithDebInfo|x64.ActiveCfg = Release|Any CPU
		{4794FC80-4594-403F-AFEC-4889EFE87EA0}.RelWithDebInfo|x64.Build.0 = Release|Any CPU
		{A0B98D0E-FC28-4FD8-8806-4825B9F5489D}.Debug|Any CPU.ActiveCfg = Debug|Any CPU
		{A0B98D0E-FC28-4FD8-8806-4825B9F5489D}.Debug|Any CPU.Build.0 = Debug|Any CPU
		{A0B98D0E-FC28-4FD8-8806-4825B9F5489D}.Debug|x64.ActiveCfg = Debug|Any CPU
		{A0B98D0E-FC28-4FD8-8806-4825B9F5489D}.Debug|x64.Build.0 = Debug|Any CPU
		{A0B98D0E-FC28-4FD8-8806-4825B9F5489D}.MinSizeRel|Any CPU.ActiveCfg = Debug|Any CPU
		{A0B98D0E-FC28-4FD8-8806-4825B9F5489D}.MinSizeRel|Any CPU.Build.0 = Debug|Any CPU
		{A0B98D0E-FC28-4FD8-8806-4825B9F5489D}.MinSizeRel|x64.ActiveCfg = Debug|Any CPU
		{A0B98D0E-FC28-4FD8-8806-4825B9F5489D}.MinSizeRel|x64.Build.0 = Debug|Any CPU
		{A0B98D0E-FC28-4FD8-8806-4825B9F5489D}.Release|Any CPU.ActiveCfg = Release|Any CPU
		{A0B98D0E-FC28-4FD8-8806-4825B9F5489D}.Release|Any CPU.Build.0 = Release|Any CPU
		{A0B98D0E-FC28-4FD8-8806-4825B9F5489D}.Release|x64.ActiveCfg = Release|Any CPU
		{A0B98D0E-FC28-4FD8-8806-4825B9F5489D}.Release|x64.Build.0 = Release|Any CPU
		{A0B98D0E-FC28-4FD8-8806-4825B9F5489D}.RelWithDebInfo|Any CPU.ActiveCfg = Debug|Any CPU
		{A0B98D0E-FC28-4FD8-8806-4825B9F5489D}.RelWithDebInfo|Any CPU.Build.0 = Debug|Any CPU
		{A0B98D0E-FC28-4FD8-8806-4825B9F5489D}.RelWithDebInfo|x64.ActiveCfg = Debug|Any CPU
		{A0B98D0E-FC28-4FD8-8806-4825B9F5489D}.RelWithDebInfo|x64.Build.0 = Debug|Any CPU
		{EAABB911-02EE-4A05-B566-0084013FC5CD}.Debug|Any CPU.ActiveCfg = Debug|Any CPU
		{EAABB911-02EE-4A05-B566-0084013FC5CD}.Debug|Any CPU.Build.0 = Debug|Any CPU
		{EAABB911-02EE-4A05-B566-0084013FC5CD}.Debug|x64.ActiveCfg = Debug|Any CPU
		{EAABB911-02EE-4A05-B566-0084013FC5CD}.Debug|x64.Build.0 = Debug|Any CPU
		{EAABB911-02EE-4A05-B566-0084013FC5CD}.MinSizeRel|Any CPU.ActiveCfg = Debug|Any CPU
		{EAABB911-02EE-4A05-B566-0084013FC5CD}.MinSizeRel|Any CPU.Build.0 = Debug|Any CPU
		{EAABB911-02EE-4A05-B566-0084013FC5CD}.MinSizeRel|x64.ActiveCfg = Debug|Any CPU
		{EAABB911-02EE-4A05-B566-0084013FC5CD}.MinSizeRel|x64.Build.0 = Debug|Any CPU
		{EAABB911-02EE-4A05-B566-0084013FC5CD}.Release|Any CPU.ActiveCfg = Release|Any CPU
		{EAABB911-02EE-4A05-B566-0084013FC5CD}.Release|Any CPU.Build.0 = Release|Any CPU
		{EAABB911-02EE-4A05-B566-0084013FC5CD}.Release|x64.ActiveCfg = Release|Any CPU
		{EAABB911-02EE-4A05-B566-0084013FC5CD}.Release|x64.Build.0 = Release|Any CPU
		{EAABB911-02EE-4A05-B566-0084013FC5CD}.RelWithDebInfo|Any CPU.ActiveCfg = Release|Any CPU
		{EAABB911-02EE-4A05-B566-0084013FC5CD}.RelWithDebInfo|Any CPU.Build.0 = Release|Any CPU
		{EAABB911-02EE-4A05-B566-0084013FC5CD}.RelWithDebInfo|x64.ActiveCfg = Release|Any CPU
		{EAABB911-02EE-4A05-B566-0084013FC5CD}.RelWithDebInfo|x64.Build.0 = Release|Any CPU
		{33D66E90-049F-4A0B-A2B1-79E7E7E0ED0F}.Debug|Any CPU.ActiveCfg = Debug|Any CPU
		{33D66E90-049F-4A0B-A2B1-79E7E7E0ED0F}.Debug|Any CPU.Build.0 = Debug|Any CPU
		{33D66E90-049F-4A0B-A2B1-79E7E7E0ED0F}.Debug|x64.ActiveCfg = Debug|Any CPU
		{33D66E90-049F-4A0B-A2B1-79E7E7E0ED0F}.Debug|x64.Build.0 = Debug|Any CPU
		{33D66E90-049F-4A0B-A2B1-79E7E7E0ED0F}.MinSizeRel|Any CPU.ActiveCfg = Debug|Any CPU
		{33D66E90-049F-4A0B-A2B1-79E7E7E0ED0F}.MinSizeRel|Any CPU.Build.0 = Debug|Any CPU
		{33D66E90-049F-4A0B-A2B1-79E7E7E0ED0F}.MinSizeRel|x64.ActiveCfg = Debug|Any CPU
		{33D66E90-049F-4A0B-A2B1-79E7E7E0ED0F}.MinSizeRel|x64.Build.0 = Debug|Any CPU
		{33D66E90-049F-4A0B-A2B1-79E7E7E0ED0F}.Release|Any CPU.ActiveCfg = Release|Any CPU
		{33D66E90-049F-4A0B-A2B1-79E7E7E0ED0F}.Release|Any CPU.Build.0 = Release|Any CPU
		{33D66E90-049F-4A0B-A2B1-79E7E7E0ED0F}.Release|x64.ActiveCfg = Release|Any CPU
		{33D66E90-049F-4A0B-A2B1-79E7E7E0ED0F}.Release|x64.Build.0 = Release|Any CPU
		{33D66E90-049F-4A0B-A2B1-79E7E7E0ED0F}.RelWithDebInfo|Any CPU.ActiveCfg = Debug|Any CPU
		{33D66E90-049F-4A0B-A2B1-79E7E7E0ED0F}.RelWithDebInfo|Any CPU.Build.0 = Debug|Any CPU
		{33D66E90-049F-4A0B-A2B1-79E7E7E0ED0F}.RelWithDebInfo|x64.ActiveCfg = Debug|Any CPU
		{33D66E90-049F-4A0B-A2B1-79E7E7E0ED0F}.RelWithDebInfo|x64.Build.0 = Debug|Any CPU
		{4EBC65DF-3B5E-419B-8E26-3EEF0B5CD300}.Debug|Any CPU.ActiveCfg = Debug|Any CPU
		{4EBC65DF-3B5E-419B-8E26-3EEF0B5CD300}.Debug|Any CPU.Build.0 = Debug|Any CPU
		{4EBC65DF-3B5E-419B-8E26-3EEF0B5CD300}.Debug|x64.ActiveCfg = Debug|Any CPU
		{4EBC65DF-3B5E-419B-8E26-3EEF0B5CD300}.Debug|x64.Build.0 = Debug|Any CPU
		{4EBC65DF-3B5E-419B-8E26-3EEF0B5CD300}.MinSizeRel|Any CPU.ActiveCfg = Debug|Any CPU
		{4EBC65DF-3B5E-419B-8E26-3EEF0B5CD300}.MinSizeRel|Any CPU.Build.0 = Debug|Any CPU
		{4EBC65DF-3B5E-419B-8E26-3EEF0B5CD300}.MinSizeRel|x64.ActiveCfg = Debug|Any CPU
		{4EBC65DF-3B5E-419B-8E26-3EEF0B5CD300}.MinSizeRel|x64.Build.0 = Debug|Any CPU
		{4EBC65DF-3B5E-419B-8E26-3EEF0B5CD300}.Release|Any CPU.ActiveCfg = Release|Any CPU
		{4EBC65DF-3B5E-419B-8E26-3EEF0B5CD300}.Release|Any CPU.Build.0 = Release|Any CPU
		{4EBC65DF-3B5E-419B-8E26-3EEF0B5CD300}.Release|x64.ActiveCfg = Release|Any CPU
		{4EBC65DF-3B5E-419B-8E26-3EEF0B5CD300}.Release|x64.Build.0 = Release|Any CPU
		{4EBC65DF-3B5E-419B-8E26-3EEF0B5CD300}.RelWithDebInfo|Any CPU.ActiveCfg = Debug|Any CPU
		{4EBC65DF-3B5E-419B-8E26-3EEF0B5CD300}.RelWithDebInfo|Any CPU.Build.0 = Debug|Any CPU
		{4EBC65DF-3B5E-419B-8E26-3EEF0B5CD300}.RelWithDebInfo|x64.ActiveCfg = Debug|Any CPU
		{4EBC65DF-3B5E-419B-8E26-3EEF0B5CD300}.RelWithDebInfo|x64.Build.0 = Debug|Any CPU
		{D23480EE-88FC-4DF2-86BD-1C5BDD6CD98C}.Debug|Any CPU.ActiveCfg = Debug|Any CPU
		{D23480EE-88FC-4DF2-86BD-1C5BDD6CD98C}.Debug|Any CPU.Build.0 = Debug|Any CPU
		{D23480EE-88FC-4DF2-86BD-1C5BDD6CD98C}.Debug|x64.ActiveCfg = Debug|Any CPU
		{D23480EE-88FC-4DF2-86BD-1C5BDD6CD98C}.Debug|x64.Build.0 = Debug|Any CPU
		{D23480EE-88FC-4DF2-86BD-1C5BDD6CD98C}.MinSizeRel|Any CPU.ActiveCfg = Debug|Any CPU
		{D23480EE-88FC-4DF2-86BD-1C5BDD6CD98C}.MinSizeRel|Any CPU.Build.0 = Debug|Any CPU
		{D23480EE-88FC-4DF2-86BD-1C5BDD6CD98C}.MinSizeRel|x64.ActiveCfg = Debug|Any CPU
		{D23480EE-88FC-4DF2-86BD-1C5BDD6CD98C}.MinSizeRel|x64.Build.0 = Debug|Any CPU
		{D23480EE-88FC-4DF2-86BD-1C5BDD6CD98C}.Release|Any CPU.ActiveCfg = Release|Any CPU
		{D23480EE-88FC-4DF2-86BD-1C5BDD6CD98C}.Release|Any CPU.Build.0 = Release|Any CPU
		{D23480EE-88FC-4DF2-86BD-1C5BDD6CD98C}.Release|x64.ActiveCfg = Release|Any CPU
		{D23480EE-88FC-4DF2-86BD-1C5BDD6CD98C}.Release|x64.Build.0 = Release|Any CPU
		{D23480EE-88FC-4DF2-86BD-1C5BDD6CD98C}.RelWithDebInfo|Any CPU.ActiveCfg = Debug|Any CPU
		{D23480EE-88FC-4DF2-86BD-1C5BDD6CD98C}.RelWithDebInfo|Any CPU.Build.0 = Debug|Any CPU
		{D23480EE-88FC-4DF2-86BD-1C5BDD6CD98C}.RelWithDebInfo|x64.ActiveCfg = Debug|Any CPU
		{D23480EE-88FC-4DF2-86BD-1C5BDD6CD98C}.RelWithDebInfo|x64.Build.0 = Debug|Any CPU
		{9C317A71-702B-4C5D-9D19-D9A28CD483A5}.Debug|Any CPU.ActiveCfg = Debug|Any CPU
		{9C317A71-702B-4C5D-9D19-D9A28CD483A5}.Debug|Any CPU.Build.0 = Debug|Any CPU
		{9C317A71-702B-4C5D-9D19-D9A28CD483A5}.Debug|x64.ActiveCfg = Debug|Any CPU
		{9C317A71-702B-4C5D-9D19-D9A28CD483A5}.Debug|x64.Build.0 = Debug|Any CPU
		{9C317A71-702B-4C5D-9D19-D9A28CD483A5}.MinSizeRel|Any CPU.ActiveCfg = Debug|Any CPU
		{9C317A71-702B-4C5D-9D19-D9A28CD483A5}.MinSizeRel|Any CPU.Build.0 = Debug|Any CPU
		{9C317A71-702B-4C5D-9D19-D9A28CD483A5}.MinSizeRel|x64.ActiveCfg = Debug|Any CPU
		{9C317A71-702B-4C5D-9D19-D9A28CD483A5}.MinSizeRel|x64.Build.0 = Debug|Any CPU
		{9C317A71-702B-4C5D-9D19-D9A28CD483A5}.Release|Any CPU.ActiveCfg = Release|Any CPU
		{9C317A71-702B-4C5D-9D19-D9A28CD483A5}.Release|Any CPU.Build.0 = Release|Any CPU
		{9C317A71-702B-4C5D-9D19-D9A28CD483A5}.Release|x64.ActiveCfg = Release|Any CPU
		{9C317A71-702B-4C5D-9D19-D9A28CD483A5}.Release|x64.Build.0 = Release|Any CPU
		{9C317A71-702B-4C5D-9D19-D9A28CD483A5}.RelWithDebInfo|Any CPU.ActiveCfg = Release|Any CPU
		{9C317A71-702B-4C5D-9D19-D9A28CD483A5}.RelWithDebInfo|Any CPU.Build.0 = Release|Any CPU
		{9C317A71-702B-4C5D-9D19-D9A28CD483A5}.RelWithDebInfo|x64.ActiveCfg = Release|Any CPU
		{9C317A71-702B-4C5D-9D19-D9A28CD483A5}.RelWithDebInfo|x64.Build.0 = Release|Any CPU
		{E5CB56D0-EDB1-4E07-A304-E17041F67642}.Debug|Any CPU.ActiveCfg = Debug|Any CPU
		{E5CB56D0-EDB1-4E07-A304-E17041F67642}.Debug|Any CPU.Build.0 = Debug|Any CPU
		{E5CB56D0-EDB1-4E07-A304-E17041F67642}.Debug|x64.ActiveCfg = Debug|Any CPU
		{E5CB56D0-EDB1-4E07-A304-E17041F67642}.Debug|x64.Build.0 = Debug|Any CPU
		{E5CB56D0-EDB1-4E07-A304-E17041F67642}.MinSizeRel|Any CPU.ActiveCfg = Debug|Any CPU
		{E5CB56D0-EDB1-4E07-A304-E17041F67642}.MinSizeRel|Any CPU.Build.0 = Debug|Any CPU
		{E5CB56D0-EDB1-4E07-A304-E17041F67642}.MinSizeRel|x64.ActiveCfg = Debug|Any CPU
		{E5CB56D0-EDB1-4E07-A304-E17041F67642}.MinSizeRel|x64.Build.0 = Debug|Any CPU
		{E5CB56D0-EDB1-4E07-A304-E17041F67642}.Release|Any CPU.ActiveCfg = Release|Any CPU
		{E5CB56D0-EDB1-4E07-A304-E17041F67642}.Release|Any CPU.Build.0 = Release|Any CPU
		{E5CB56D0-EDB1-4E07-A304-E17041F67642}.Release|x64.ActiveCfg = Release|Any CPU
		{E5CB56D0-EDB1-4E07-A304-E17041F67642}.Release|x64.Build.0 = Release|Any CPU
		{E5CB56D0-EDB1-4E07-A304-E17041F67642}.RelWithDebInfo|Any CPU.ActiveCfg = Debug|Any CPU
		{E5CB56D0-EDB1-4E07-A304-E17041F67642}.RelWithDebInfo|Any CPU.Build.0 = Debug|Any CPU
		{E5CB56D0-EDB1-4E07-A304-E17041F67642}.RelWithDebInfo|x64.ActiveCfg = Debug|Any CPU
		{E5CB56D0-EDB1-4E07-A304-E17041F67642}.RelWithDebInfo|x64.Build.0 = Debug|Any CPU
	EndGlobalSection
	GlobalSection(SolutionProperties) = preSolution
		HideSolutionNode = FALSE
	EndGlobalSection
	GlobalSection(NestedProjects) = preSolution
		{E9123D45-C1B0-4462-8810-D26ED6D31944} = {03736C2E-DB2A-46A9-B7B2-C1216BDECB4F}
		{058CB08D-BFA7-41E2-BE6B-0A0A72054F91} = {34D419E9-CCF1-4E48-9FA4-3AD4B86BEEB4}
		{8EC46ADB-7FAA-49EA-BA63-E7B32C4F4445} = {34D419E9-CCF1-4E48-9FA4-3AD4B86BEEB4}
		{72B7E75C-D305-45BD-929E-C86298AAA8DE} = {34D419E9-CCF1-4E48-9FA4-3AD4B86BEEB4}
		{DD50D2D9-2765-449B-8C4B-835A428E160D} = {34D419E9-CCF1-4E48-9FA4-3AD4B86BEEB4}
		{23461B29-F9DE-4F5B-BC30-50BBE1A10B48} = {34D419E9-CCF1-4E48-9FA4-3AD4B86BEEB4}
		{A6C5BA7A-DF6F-476F-9106-95905932B810} = {03736C2E-DB2A-46A9-B7B2-C1216BDECB4F}
		{ECFE1CE8-46A1-4D14-99D6-AAF76B704638} = {34117E2A-DEDC-4274-AAA4-3C61ACF86284}
		{09C842CB-930C-4C7D-AD5F-E30DE4A55820} = {34D419E9-CCF1-4E48-9FA4-3AD4B86BEEB4}
		{2F5796A7-4AF8-4B78-928A-0A3A80752F9D} = {09C842CB-930C-4C7D-AD5F-E30DE4A55820}
		{944FE7EF-9220-4CC6-BB20-CE517195B922} = {A567C185-A429-418B-AFDE-6F1785BA4A77}
		{E2F30496-19D8-46A8-9BC0-26936FFE70D2} = {A567C185-A429-418B-AFDE-6F1785BA4A77}
		{7256B986-6705-42FC-9F57-485D72D9DE51} = {09C842CB-930C-4C7D-AD5F-E30DE4A55820}
		{A85277B3-4E07-4E15-8F0C-07CC855A3BCB} = {09C842CB-930C-4C7D-AD5F-E30DE4A55820}
		{418E79F7-9FCF-4128-AA35-1334A685377D} = {09C842CB-930C-4C7D-AD5F-E30DE4A55820}
		{46278108-D247-4EFC-AC34-23D4A676F62F} = {09C842CB-930C-4C7D-AD5F-E30DE4A55820}
		{7F05FD87-A2FB-4915-A988-4EF92AB82179} = {37CDC768-16D4-4574-8553-07D99D0A72F7}
		{4858E5E3-23FA-4928-B99A-54065875A2B9} = {37CDC768-16D4-4574-8553-07D99D0A72F7}
		{1448512E-132F-4DA8-BCBA-D98F16B31600} = {09C842CB-930C-4C7D-AD5F-E30DE4A55820}
		{55833C6C-6E91-4413-9F77-96B3A09666B8} = {09C842CB-930C-4C7D-AD5F-E30DE4A55820}
		{C015FF41-9A51-4AF0-AEFC-2547D596B10A} = {09C842CB-930C-4C7D-AD5F-E30DE4A55820}
		{D292BF18-3956-4827-820E-254C3F81EF09} = {09C842CB-930C-4C7D-AD5F-E30DE4A55820}
		{DB45AD73-4D91-43F3-85CC-C63614A96FB0} = {03736C2E-DB2A-46A9-B7B2-C1216BDECB4F}
		{AF6CD304-8E03-433D-AAA2-6E0094B53071} = {93409CC3-8DF9-45FA-AE21-16A19FDEF650}
		{ED3D7040-4B3F-4217-A75E-9DF63DD84707} = {34D419E9-CCF1-4E48-9FA4-3AD4B86BEEB4}
		{4EF958CA-B4A6-4E5F-924A-100B5615BEC3} = {09C842CB-930C-4C7D-AD5F-E30DE4A55820}
		{EB6E3DBD-C884-4241-9BC4-8281191D1F53} = {34D419E9-CCF1-4E48-9FA4-3AD4B86BEEB4}
		{E1A463D7-2E23-4134-BE04-1EFF7A546813} = {93409CC3-8DF9-45FA-AE21-16A19FDEF650}
		{789C86D9-CE77-40DA-BDDD-979436952512} = {93409CC3-8DF9-45FA-AE21-16A19FDEF650}
		{7E24885B-D86D-477E-A840-06FA53C33FE1} = {93409CC3-8DF9-45FA-AE21-16A19FDEF650}
		{7F80466B-A6B5-4EF1-A9E9-22ABAE3C20C1} = {34D419E9-CCF1-4E48-9FA4-3AD4B86BEEB4}
		{7F7BB60A-5DCB-469E-8546-1BE9E3CAC833} = {F6C2D4C0-12DC-40E3-9C86-FA5308D9B567}
		{EAC5EAE7-D1B3-4726-AFDB-73000E62176A} = {7F7BB60A-5DCB-469E-8546-1BE9E3CAC833}
		{C7531119-9730-497A-9D11-8BBB3761B726} = {EAC5EAE7-D1B3-4726-AFDB-73000E62176A}
		{3DFACF7F-D5C2-455B-AB8A-26908DEF7E2D} = {7F7BB60A-5DCB-469E-8546-1BE9E3CAC833}
		{5DBF6402-D9CD-4470-A309-3755CFDA42CF} = {3DFACF7F-D5C2-455B-AB8A-26908DEF7E2D}
		{54000816-122C-4AA0-9FE9-B0ABB9547232} = {7F7BB60A-5DCB-469E-8546-1BE9E3CAC833}
		{33ED37AB-61B1-4A49-9952-58D19AA8EF30} = {54000816-122C-4AA0-9FE9-B0ABB9547232}
		{522EAA31-6317-42D5-831F-C39313DF03A0} = {7F7BB60A-5DCB-469E-8546-1BE9E3CAC833}
		{002174F4-BFA8-4675-908D-0E9C32ED951A} = {522EAA31-6317-42D5-831F-C39313DF03A0}
		{AAFB81D3-BC87-404D-BA64-AF40B2D2E45A} = {F6C2D4C0-12DC-40E3-9C86-FA5308D9B567}
		{A7DB7367-9FD6-4164-8263-A05077BE54AB} = {AAFB81D3-BC87-404D-BA64-AF40B2D2E45A}
		{D7D34736-A719-4B45-A33F-2723F59EC29D} = {A7DB7367-9FD6-4164-8263-A05077BE54AB}
		{442E66C8-F69F-44E9-9CD9-1F52C37EA41B} = {F6C2D4C0-12DC-40E3-9C86-FA5308D9B567}
		{C60226E3-98DE-4E92-AED4-B4A93D4CA063} = {442E66C8-F69F-44E9-9CD9-1F52C37EA41B}
		{4794FC80-4594-403F-AFEC-4889EFE87EA0} = {442E66C8-F69F-44E9-9CD9-1F52C37EA41B}
		{A0B98D0E-FC28-4FD8-8806-4825B9F5489D} = {09C842CB-930C-4C7D-AD5F-E30DE4A55820}
		{EAABB911-02EE-4A05-B566-0084013FC5CD} = {442E66C8-F69F-44E9-9CD9-1F52C37EA41B}
		{33D66E90-049F-4A0B-A2B1-79E7E7E0ED0F} = {34D419E9-CCF1-4E48-9FA4-3AD4B86BEEB4}
		{4EBC65DF-3B5E-419B-8E26-3EEF0B5CD300} = {34D419E9-CCF1-4E48-9FA4-3AD4B86BEEB4}
		{D23480EE-88FC-4DF2-86BD-1C5BDD6CD98C} = {34D419E9-CCF1-4E48-9FA4-3AD4B86BEEB4}
		{9C317A71-702B-4C5D-9D19-D9A28CD483A5} = {09C842CB-930C-4C7D-AD5F-E30DE4A55820}
		{E5CB56D0-EDB1-4E07-A304-E17041F67642} = {93409CC3-8DF9-45FA-AE21-16A19FDEF650}
	EndGlobalSection
	GlobalSection(ExtensibilityGlobals) = postSolution
		SolutionGuid = {929C0464-86D8-4F70-8835-0A5EAF930821}
	EndGlobalSection
EndGlobal
