
Microsoft Visual Studio Solution File, Format Version 12.00
# Visual Studio Version 16
VisualStudioVersion = 16.0.30907.101
MinimumVisualStudioVersion = 10.0.40219.1
Project("{8BC9CEB8-8B4A-11D0-8D11-00A0C91BC942}") = "SparseSimulatorTests", "SparseSimulatorTests\SparseSimulatorTests.vcxproj", "{E1663845-BBA8-41EA-AC31-50A092EEA728}"
EndProject
Project("{9A19103F-16F7-4668-BE54-9A1E7A4F7556}") = "SparseSimulator", "SparseSimulatorCS\SparseSimulator.csproj", "{1E901047-6E72-4B99-8683-A5B64D755400}"
EndProject
Project("{2150E333-8FDC-42A3-9474-1A3956D46DE8}") = "Solution Items", "Solution Items", "{1CECBF17-34F0-41FF-BE04-88659415074A}"
EndProject
Project("{FAE04EC0-301F-11D3-BF4B-00C04F79EFBC}") = "SparseSimQSharpTests", "SparseSimQSharpTests\SparseSimQSharpTests.csproj", "{2D6F4915-A10D-4109-8B83-DA6E5C36AEA4}"
EndProject
Global
	GlobalSection(SolutionConfigurationPlatforms) = preSolution
		Debug|Any CPU = Debug|Any CPU
		Debug|x64 = Debug|x64
		Debug|x86 = Debug|x86
		Release|Any CPU = Release|Any CPU
		Release|x64 = Release|x64
		Release|x86 = Release|x86
	EndGlobalSection
	GlobalSection(ProjectConfigurationPlatforms) = postSolution
		{E1663845-BBA8-41EA-AC31-50A092EEA728}.Debug|Any CPU.ActiveCfg = Debug|Win32
		{E1663845-BBA8-41EA-AC31-50A092EEA728}.Debug|x64.ActiveCfg = Debug|x64
		{E1663845-BBA8-41EA-AC31-50A092EEA728}.Debug|x64.Build.0 = Debug|x64
		{E1663845-BBA8-41EA-AC31-50A092EEA728}.Debug|x86.ActiveCfg = Debug|Win32
		{E1663845-BBA8-41EA-AC31-50A092EEA728}.Debug|x86.Build.0 = Debug|Win32
		{E1663845-BBA8-41EA-AC31-50A092EEA728}.Release|Any CPU.ActiveCfg = Release|Win32
		{E1663845-BBA8-41EA-AC31-50A092EEA728}.Release|x64.ActiveCfg = Release|x64
		{E1663845-BBA8-41EA-AC31-50A092EEA728}.Release|x64.Build.0 = Release|x64
		{E1663845-BBA8-41EA-AC31-50A092EEA728}.Release|x86.ActiveCfg = Release|Win32
		{E1663845-BBA8-41EA-AC31-50A092EEA728}.Release|x86.Build.0 = Release|Win32
		{1E901047-6E72-4B99-8683-A5B64D755400}.Debug|Any CPU.ActiveCfg = Debug|Any CPU
		{1E901047-6E72-4B99-8683-A5B64D755400}.Debug|Any CPU.Build.0 = Debug|Any CPU
		{1E901047-6E72-4B99-8683-A5B64D755400}.Debug|x64.ActiveCfg = Debug|Any CPU
		{1E901047-6E72-4B99-8683-A5B64D755400}.Debug|x64.Build.0 = Debug|Any CPU
		{1E901047-6E72-4B99-8683-A5B64D755400}.Debug|x86.ActiveCfg = Debug|Any CPU
		{1E901047-6E72-4B99-8683-A5B64D755400}.Debug|x86.Build.0 = Debug|Any CPU
		{1E901047-6E72-4B99-8683-A5B64D755400}.Release|Any CPU.ActiveCfg = Release|Any CPU
		{1E901047-6E72-4B99-8683-A5B64D755400}.Release|Any CPU.Build.0 = Release|Any CPU
		{1E901047-6E72-4B99-8683-A5B64D755400}.Release|x64.ActiveCfg = Release|Any CPU
		{1E901047-6E72-4B99-8683-A5B64D755400}.Release|x64.Build.0 = Release|Any CPU
		{1E901047-6E72-4B99-8683-A5B64D755400}.Release|x86.ActiveCfg = Release|Any CPU
		{1E901047-6E72-4B99-8683-A5B64D755400}.Release|x86.Build.0 = Release|Any CPU
		{2D6F4915-A10D-4109-8B83-DA6E5C36AEA4}.Debug|Any CPU.ActiveCfg = Debug|Any CPU
		{2D6F4915-A10D-4109-8B83-DA6E5C36AEA4}.Debug|Any CPU.Build.0 = Debug|Any CPU
		{2D6F4915-A10D-4109-8B83-DA6E5C36AEA4}.Debug|x64.ActiveCfg = Debug|Any CPU
		{2D6F4915-A10D-4109-8B83-DA6E5C36AEA4}.Debug|x64.Build.0 = Debug|Any CPU
		{2D6F4915-A10D-4109-8B83-DA6E5C36AEA4}.Debug|x86.ActiveCfg = Debug|Any CPU
		{2D6F4915-A10D-4109-8B83-DA6E5C36AEA4}.Debug|x86.Build.0 = Debug|Any CPU
		{2D6F4915-A10D-4109-8B83-DA6E5C36AEA4}.Release|Any CPU.ActiveCfg = Release|Any CPU
		{2D6F4915-A10D-4109-8B83-DA6E5C36AEA4}.Release|Any CPU.Build.0 = Release|Any CPU
		{2D6F4915-A10D-4109-8B83-DA6E5C36AEA4}.Release|x64.ActiveCfg = Release|Any CPU
		{2D6F4915-A10D-4109-8B83-DA6E5C36AEA4}.Release|x64.Build.0 = Release|Any CPU
		{2D6F4915-A10D-4109-8B83-DA6E5C36AEA4}.Release|x86.ActiveCfg = Release|Any CPU
		{2D6F4915-A10D-4109-8B83-DA6E5C36AEA4}.Release|x86.Build.0 = Release|Any CPU
	EndGlobalSection
	GlobalSection(SolutionProperties) = preSolution
		HideSolutionNode = FALSE
	EndGlobalSection
	GlobalSection(ExtensibilityGlobals) = postSolution
		SolutionGuid = {756B5CCE-BACE-4478-A9A1-25027C14669B}
	EndGlobalSection
EndGlobal
