
Microsoft Visual Studio Solution File, Format Version 12.00
# Visual Studio Version 16
VisualStudioVersion = 16.0.30204.135
MinimumVisualStudioVersion = 10.0.40219.1
Project("{FAE04EC0-301F-11D3-BF4B-00C04F79EFBC}") = "interop", "interop.csproj", "{48FEF246-55C6-4EA2-BBBA-1ED515EFBEF6}"
EndProject
Global
	GlobalSection(SolutionConfigurationPlatforms) = preSolution
		Debug|Any CPU = Debug|Any CPU
		Release|Any CPU = Release|Any CPU
	EndGlobalSection
	GlobalSection(ProjectConfigurationPlatforms) = postSolution
		{48FEF246-55C6-4EA2-BBBA-1ED515EFBEF6}.Debug|Any CPU.ActiveCfg = Debug|Any CPU
		{48FEF246-55C6-4EA2-BBBA-1ED515EFBEF6}.Debug|Any CPU.Build.0 = Debug|Any CPU
		{48FEF246-55C6-4EA2-BBBA-1ED515EFBEF6}.Release|Any CPU.ActiveCfg = Release|Any CPU
		{48FEF246-55C6-4EA2-BBBA-1ED515EFBEF6}.Release|Any CPU.Build.0 = Release|Any CPU
	EndGlobalSection
	GlobalSection(SolutionProperties) = preSolution
		HideSolutionNode = FALSE
	EndGlobalSection
	GlobalSection(ExtensibilityGlobals) = postSolution
		SolutionGuid = {9FBD2E1D-7700-47A4-A3CE-F7FE152F0D51}
	EndGlobalSection
EndGlobal
